// !$*UTF8*$!
{
	archiveVersion = 1;
	classes = {
	};
	objectVersion = 46;
	objects = {

/* Begin PBXBuildFile section */
		1BCD1EABE3337574C3130C01 /* hand.jpg in Resources */ = {isa = PBXBuildFile; fileRef = 829959DC6A3431E097B98A36 /* hand.jpg */; };
		1E7C572DC0EA953F9BE9BA07 /* hand_landmarker.task in Resources */ = {isa = PBXBuildFile; fileRef = FD9845368D176560B8090645 /* hand_landmarker.task */; };
		50991BA2436605C4550E9687 /* MediaPipeSmokeTests.swift in Sources */ = {isa = PBXBuildFile; fileRef = 0BFACFD6E808F86021DA95D2 /* MediaPipeSmokeTests.swift */; };
		534943D257218BAA6E7FA47A /* Testing.framework in Frameworks */ = {isa = PBXBuildFile; fileRef = 0323B55CBC7B620C9EEFB039 /* Testing.framework */; };
		5F383D56091488A09758741D /* MediaPipeTasksVision.framework in Embed Frameworks */ = {isa = PBXBuildFile; fileRef = 8E6AB965E442FFE109A39034 /* MediaPipeTasksVision.framework */; settings = {ATTRIBUTES = (CodeSignOnCopy, ); }; };
		78EB90E955F27A5F03DC071A /* MediaPipeTasksVision.framework in Frameworks */ = {isa = PBXBuildFile; fileRef = 8E6AB965E442FFE109A39034 /* MediaPipeTasksVision.framework */; };
		AD68DA607348490C92A3E9CB /* Foundation.framework in Frameworks */ = {isa = PBXBuildFile; fileRef = FED4EC18D1E57D5D831300C1 /* Foundation.framework */; };
/* End PBXBuildFile section */

/* Begin PBXCopyFilesBuildPhase section */
		E3BC3CDB103E5C5EF064D8CE /* Embed Frameworks */ = {
			isa = PBXCopyFilesBuildPhase;
			buildActionMask = 2147483647;
			dstPath = "";
			dstSubfolderSpec = 10;
			files = (
				5F383D56091488A09758741D /* MediaPipeTasksVision.framework in Embed Frameworks */,
			);
			name = "Embed Frameworks";
			runOnlyForDeploymentPostprocessing = 0;
		};
/* End PBXCopyFilesBuildPhase section */

/* Begin PBXFileReference section */
		0323B55CBC7B620C9EEFB039 /* Testing.framework */ = {isa = PBXFileReference; lastKnownFileType = wrapper.framework; name = Testing.framework; path = System/Library/Frameworks/Testing.framework; sourceTree = "<group>"; };
		0BFACFD6E808F86021DA95D2 /* MediaPipeSmokeTests.swift */ = {isa = PBXFileReference; includeInIndex = 1; lastKnownFileType = sourcecode.swift; path = MediaPipeSmokeTests.swift; sourceTree = "<group>"; };
		532281EC667A5D0DACC8B497 /* MediaPipeSmokeTests.xctest */ = {isa = PBXFileReference; explicitFileType = wrapper.cfbundle; includeInIndex = 0; path = MediaPipeSmokeTests.xctest; sourceTree = BUILT_PRODUCTS_DIR; };
		829959DC6A3431E097B98A36 /* hand.jpg */ = {isa = PBXFileReference; includeInIndex = 1; name = hand.jpg; path = "../.build-artifacts/smoke-test-resources/hand.jpg"; sourceTree = "<group>"; };
		8E6AB965E442FFE109A39034 /* MediaPipeTasksVision.framework */ = {isa = PBXFileReference; lastKnownFileType = wrapper.framework; name = MediaPipeTasksVision.framework; path = "../.build-artifacts/MediaPipeTasksVision.xcframework/ios-arm64-simulator/MediaPipeTasksVision.framework"; sourceTree = "<group>"; };
		FD9845368D176560B8090645 /* hand_landmarker.task */ = {isa = PBXFileReference; includeInIndex = 1; name = hand_landmarker.task; path = "../.build-artifacts/smoke-test-resources/hand_landmarker.task"; sourceTree = "<group>"; };
		FED4EC18D1E57D5D831300C1 /* Foundation.framework */ = {isa = PBXFileReference; lastKnownFileType = wrapper.framework; name = Foundation.framework; path = Platforms/iPhoneOS.platform/Developer/SDKs/iPhoneOS26.0.sdk/System/Library/Frameworks/Foundation.framework; sourceTree = DEVELOPER_DIR; };
/* End PBXFileReference section */

/* Begin PBXFrameworksBuildPhase section */
		2BE5F964BCE9AD0C0654F5D0 /* Frameworks */ = {
			isa = PBXFrameworksBuildPhase;
			buildActionMask = 2147483647;
			files = (
				AD68DA607348490C92A3E9CB /* Foundation.framework in Frameworks */,
				78EB90E955F27A5F03DC071A /* MediaPipeTasksVision.framework in Frameworks */,
				534943D257218BAA6E7FA47A /* Testing.framework in Frameworks */,
			);
			runOnlyForDeploymentPostprocessing = 0;
		};
/* End PBXFrameworksBuildPhase section */

/* Begin PBXGroup section */
		0AB3980BF606738E68D91F99 /* iOS */ = {
			isa = PBXGroup;
			children = (
				FED4EC18D1E57D5D831300C1 /* Foundation.framework */,
			);
			name = iOS;
			sourceTree = "<group>";
		};
		8FADAE7CE0500DB82084E298 /* Frameworks */ = {
			isa = PBXGroup;
			children = (
				0AB3980BF606738E68D91F99 /* iOS */,
				0323B55CBC7B620C9EEFB039 /* Testing.framework */,
			);
			name = Frameworks;
			sourceTree = "<group>";
		};
		98CE65812E4F0648DA637B90 /* Resources */ = {
			isa = PBXGroup;
			children = (
				829959DC6A3431E097B98A36 /* hand.jpg */,
				FD9845368D176560B8090645 /* hand_landmarker.task */,
			);
			name = Resources;
			sourceTree = "<group>";
		};
		E49E883C59DE950DBAC40A72 /* Products */ = {
			isa = PBXGroup;
			children = (
				532281EC667A5D0DACC8B497 /* MediaPipeSmokeTests.xctest */,
			);
			name = Products;
			sourceTree = "<group>";
		};
		E890259CB002B1D2D23859C5 = {
			isa = PBXGroup;
			children = (
				E49E883C59DE950DBAC40A72 /* Products */,
				8FADAE7CE0500DB82084E298 /* Frameworks */,
				0BFACFD6E808F86021DA95D2 /* MediaPipeSmokeTests.swift */,
				98CE65812E4F0648DA637B90 /* Resources */,
				8E6AB965E442FFE109A39034 /* MediaPipeTasksVision.framework */,
			);
			sourceTree = "<group>";
		};
/* End PBXGroup section */

/* Begin PBXNativeTarget section */
		DEDDC82EADBCFE9D4F85C12B /* MediaPipeSmokeTests */ = {
			isa = PBXNativeTarget;
			buildConfigurationList = F40D5B56FA405D4504D26F6F /* Build configuration list for PBXNativeTarget "MediaPipeSmokeTests" */;
			buildPhases = (
				6CAC9DD1FEB840BC755E8ADC /* Sources */,
				2BE5F964BCE9AD0C0654F5D0 /* Frameworks */,
				2B1EB1E1BA59C6899CB585A1 /* Resources */,
				E3BC3CDB103E5C5EF064D8CE /* Embed Frameworks */,
			);
			buildRules = (
			);
			dependencies = (
			);
			name = MediaPipeSmokeTests;
			productName = MediaPipeSmokeTests;
			productReference = 532281EC667A5D0DACC8B497 /* MediaPipeSmokeTests.xctest */;
			productType = "com.apple.product-type.bundle.unit-test";
		};
/* End PBXNativeTarget section */

/* Begin PBXProject section */
		5072CEDB0B029305A11E5926 /* Project object */ = {
			isa = PBXProject;
			attributes = {
				LastSwiftUpdateCheck = 1600;
				LastUpgradeCheck = 1600;
			};
			buildConfigurationList = 4217428429D7B14BB233669E /* Build configuration list for PBXProject "MediaPipeSmokeTest" */;
			compatibilityVersion = "Xcode 3.2";
			developmentRegion = en;
			hasScannedForEncodings = 0;
			knownRegions = (
				en,
				Base,
			);
			mainGroup = E890259CB002B1D2D23859C5;
			minimizedProjectReferenceProxies = 0;
			preferredProjectObjectVersion = 100;
			productRefGroup = E49E883C59DE950DBAC40A72 /* Products */;
			projectDirPath = "";
			projectRoot = "";
			targets = (
				DEDDC82EADBCFE9D4F85C12B /* MediaPipeSmokeTests */,
			);
		};
/* End PBXProject section */

/* Begin PBXResourcesBuildPhase section */
		2B1EB1E1BA59C6899CB585A1 /* Resources */ = {
			isa = PBXResourcesBuildPhase;
			buildActionMask = 2147483647;
			files = (
				1BCD1EABE3337574C3130C01 /* hand.jpg in Resources */,
				1E7C572DC0EA953F9BE9BA07 /* hand_landmarker.task in Resources */,
			);
			runOnlyForDeploymentPostprocessing = 0;
		};
/* End PBXResourcesBuildPhase section */

/* Begin PBXSourcesBuildPhase section */
		6CAC9DD1FEB840BC755E8ADC /* Sources */ = {
			isa = PBXSourcesBuildPhase;
			buildActionMask = 2147483647;
			files = (
				50991BA2436605C4550E9687 /* MediaPipeSmokeTests.swift in Sources */,
			);
			runOnlyForDeploymentPostprocessing = 0;
		};
/* End PBXSourcesBuildPhase section */

/* Begin XCBuildConfiguration section */
		3817B48808805CE54904AEFC /* Release */ = {
			isa = XCBuildConfiguration;
			buildSettings = {
				ALWAYS_SEARCH_USER_PATHS = NO;
				CLANG_ANALYZER_NONNULL = YES;
				CLANG_ANALYZER_NUMBER_OBJECT_CONVERSION = YES_AGGRESSIVE;
				CLANG_CXX_LANGUAGE_STANDARD = "gnu++14";
				CLANG_CXX_LIBRARY = "libc++";
				CLANG_ENABLE_MODULES = YES;
				CLANG_ENABLE_OBJC_ARC = YES;
				CLANG_ENABLE_OBJC_WEAK = YES;
				CLANG_WARN_BLOCK_CAPTURE_AUTORELEASING = YES;
				CLANG_WARN_BOOL_CONVERSION = YES;
				CLANG_WARN_COMMA = YES;
				CLANG_WARN_CONSTANT_CONVERSION = YES;
				CLANG_WARN_DEPRECATED_OBJC_IMPLEMENTATIONS = YES;
				CLANG_WARN_DIRECT_OBJC_ISA_USAGE = YES_ERROR;
				CLANG_WARN_DOCUMENTATION_COMMENTS = YES;
				CLANG_WARN_EMPTY_BODY = YES;
				CLANG_WARN_ENUM_CONVERSION = YES;
				CLANG_WARN_INFINITE_RECURSION = YES;
				CLANG_WARN_INT_CONVERSION = YES;
				CLANG_WARN_NON_LITERAL_NULL_CONVERSION = YES;
				CLANG_WARN_OBJC_IMPLICIT_RETAIN_SELF = YES;
				CLANG_WARN_OBJC_LITERAL_CONVERSION = YES;
				CLANG_WARN_OBJC_ROOT_CLASS = YES_ERROR;
				CLANG_WARN_QUOTED_INCLUDE_IN_FRAMEWORK_HEADER = YES;
				CLANG_WARN_RANGE_LOOP_ANALYSIS = YES;
				CLANG_WARN_STRICT_PROTOTYPES = YES;
				CLANG_WARN_SUSPICIOUS_MOVE = YES;
				CLANG_WARN_UNGUARDED_AVAILABILITY = YES_AGGRESSIVE;
				CLANG_WARN_UNREACHABLE_CODE = YES;
				CLANG_WARN__DUPLICATE_METHOD_MATCH = YES;
				COPY_PHASE_STRIP = NO;
				DEBUG_INFORMATION_FORMAT = "dwarf-with-dsym";
				ENABLE_NS_ASSERTIONS = NO;
				ENABLE_STRICT_OBJC_MSGSEND = YES;
				GCC_C_LANGUAGE_STANDARD = gnu11;
				GCC_NO_COMMON_BLOCKS = YES;
				GCC_WARN_64_TO_32_BIT_CONVERSION = YES;
				GCC_WARN_ABOUT_RETURN_TYPE = YES_ERROR;
				GCC_WARN_UNDECLARED_SELECTOR = YES;
				GCC_WARN_UNINITIALIZED_AUTOS = YES_AGGRESSIVE;
				GCC_WARN_UNUSED_FUNCTION = YES;
				GCC_WARN_UNUSED_VARIABLE = YES;
				MTL_ENABLE_DEBUG_INFO = NO;
				MTL_FAST_MATH = YES;
				PRODUCT_NAME = "$(TARGET_NAME)";
				SWIFT_COMPILATION_MODE = wholemodule;
				SWIFT_OPTIMIZATION_LEVEL = "-O";
				SWIFT_VERSION = 5.0;
			};
			name = Release;
		};
		ACF0082C70D03AFAC0AF3619 /* Release */ = {
			isa = XCBuildConfiguration;
			buildSettings = {
				ARCHS = arm64;
				CLANG_ENABLE_OBJC_WEAK = NO;
				CODE_SIGNING_ALLOWED = NO;
				FRAMEWORK_SEARCH_PATHS = (
					"$(SRCROOT)/../.build-artifacts/MediaPipeTasksVision.xcframework/ios-arm64-simulator",
					"$(PLATFORM_DIR)/Developer/Library/Frameworks",
				);
				IPHONEOS_DEPLOYMENT_TARGET = 17.0;
				OTHER_LDFLAGS = (
					"-framework",
					MediaPipeTasksVision,
					"-framework",
					Testing,
				);
				PRODUCT_BUNDLE_IDENTIFIER = com.vcamapp.mediapipe.smoketests;
				SDKROOT = iphoneos;
				VALIDATE_PRODUCT = YES;
			};
			name = Release;
		};
		B363F1B455414C63C1DB41A4 /* Debug */ = {
			isa = XCBuildConfiguration;
			buildSettings = {
				ALWAYS_SEARCH_USER_PATHS = NO;
				CLANG_ANALYZER_NONNULL = YES;
				CLANG_ANALYZER_NUMBER_OBJECT_CONVERSION = YES_AGGRESSIVE;
				CLANG_CXX_LANGUAGE_STANDARD = "gnu++14";
				CLANG_CXX_LIBRARY = "libc++";
				CLANG_ENABLE_MODULES = YES;
				CLANG_ENABLE_OBJC_ARC = YES;
				CLANG_ENABLE_OBJC_WEAK = YES;
				CLANG_WARN_BLOCK_CAPTURE_AUTORELEASING = YES;
				CLANG_WARN_BOOL_CONVERSION = YES;
				CLANG_WARN_COMMA = YES;
				CLANG_WARN_CONSTANT_CONVERSION = YES;
				CLANG_WARN_DEPRECATED_OBJC_IMPLEMENTATIONS = YES;
				CLANG_WARN_DIRECT_OBJC_ISA_USAGE = YES_ERROR;
				CLANG_WARN_DOCUMENTATION_COMMENTS = YES;
				CLANG_WARN_EMPTY_BODY = YES;
				CLANG_WARN_ENUM_CONVERSION = YES;
				CLANG_WARN_INFINITE_RECURSION = YES;
				CLANG_WARN_INT_CONVERSION = YES;
				CLANG_WARN_NON_LITERAL_NULL_CONVERSION = YES;
				CLANG_WARN_OBJC_IMPLICIT_RETAIN_SELF = YES;
				CLANG_WARN_OBJC_LITERAL_CONVERSION = YES;
				CLANG_WARN_OBJC_ROOT_CLASS = YES_ERROR;
				CLANG_WARN_QUOTED_INCLUDE_IN_FRAMEWORK_HEADER = YES;
				CLANG_WARN_RANGE_LOOP_ANALYSIS = YES;
				CLANG_WARN_STRICT_PROTOTYPES = YES;
				CLANG_WARN_SUSPICIOUS_MOVE = YES;
				CLANG_WARN_UNGUARDED_AVAILABILITY = YES_AGGRESSIVE;
				CLANG_WARN_UNREACHABLE_CODE = YES;
				CLANG_WARN__DUPLICATE_METHOD_MATCH = YES;
				COPY_PHASE_STRIP = NO;
				DEBUG_INFORMATION_FORMAT = dwarf;
				ENABLE_STRICT_OBJC_MSGSEND = YES;
				ENABLE_TESTABILITY = YES;
				GCC_C_LANGUAGE_STANDARD = gnu11;
				GCC_DYNAMIC_NO_PIC = NO;
				GCC_NO_COMMON_BLOCKS = YES;
				GCC_OPTIMIZATION_LEVEL = 0;
				GCC_PREPROCESSOR_DEFINITIONS = (
					"DEBUG=1",
					"$(inherited)",
				);
				GCC_WARN_64_TO_32_BIT_CONVERSION = YES;
				GCC_WARN_ABOUT_RETURN_TYPE = YES_ERROR;
				GCC_WARN_UNDECLARED_SELECTOR = YES;
				GCC_WARN_UNINITIALIZED_AUTOS = YES_AGGRESSIVE;
				GCC_WARN_UNUSED_FUNCTION = YES;
				GCC_WARN_UNUSED_VARIABLE = YES;
				MTL_ENABLE_DEBUG_INFO = INCLUDE_SOURCE;
				MTL_FAST_MATH = YES;
				ONLY_ACTIVE_ARCH = YES;
				PRODUCT_NAME = "$(TARGET_NAME)";
				SWIFT_ACTIVE_COMPILATION_CONDITIONS = DEBUG;
				SWIFT_OPTIMIZATION_LEVEL = "-Onone";
				SWIFT_VERSION = 5.0;
			};
			name = Debug;
		};
		DFB88495675C27766BDD7BF5 /* Debug */ = {
			isa = XCBuildConfiguration;
			buildSettings = {
				ARCHS = arm64;
				CLANG_ENABLE_OBJC_WEAK = NO;
				CODE_SIGNING_ALLOWED = NO;
				FRAMEWORK_SEARCH_PATHS = (
					"$(SRCROOT)/../.build-artifacts/MediaPipeTasksVision.xcframework/ios-arm64-simulator",
					"$(PLATFORM_DIR)/Developer/Library/Frameworks",
				);
				IPHONEOS_DEPLOYMENT_TARGET = 17.0;
				OTHER_LDFLAGS = (
					"-framework",
					MediaPipeTasksVision,
					"-framework",
					Testing,
				);
				PRODUCT_BUNDLE_IDENTIFIER = com.vcamapp.mediapipe.smoketests;
				SDKROOT = iphoneos;
			};
			name = Debug;
		};
/* End XCBuildConfiguration section */

/* Begin XCConfigurationList section */
		4217428429D7B14BB233669E /* Build configuration list for PBXProject "MediaPipeSmokeTest" */ = {
			isa = XCConfigurationList;
			buildConfigurations = (
				B363F1B455414C63C1DB41A4 /* Debug */,
				3817B48808805CE54904AEFC /* Release */,
			);
			defaultConfigurationIsVisible = 0;
			defaultConfigurationName = Release;
		};
		F40D5B56FA405D4504D26F6F /* Build configuration list for PBXNativeTarget "MediaPipeSmokeTests" */ = {
			isa = XCConfigurationList;
			buildConfigurations = (
				ACF0082C70D03AFAC0AF3619 /* Release */,
				DFB88495675C27766BDD7BF5 /* Debug */,
			);
			defaultConfigurationIsVisible = 0;
			defaultConfigurationName = Release;
		};
/* End XCConfigurationList section */
	};
	rootObject = 5072CEDB0B029305A11E5926 /* Project object */;
}
