// !$*UTF8*$!
{
	archiveVersion = 1;
	classes = {
	};
	objectVersion = 46;
	objects = {

/* Begin PBXBuildFile section */
		0D0B641246F9DD7CF99D14E4 /* MediaPipeTasksVision.framework in Frameworks */ = {isa = PBXBuildFile; fileRef = 4AADBA4143F79242C5CB0439 /* MediaPipeTasksVision.framework */; };
		1D374FF8932EA8B975D2C9E5 /* Testing.framework in Frameworks */ = {isa = PBXBuildFile; fileRef = 54E91A1591123584931C3882 /* Testing.framework */; };
		21EE38A05756716DF7A0F307 /* hand.jpg in Resources */ = {isa = PBXBuildFile; fileRef = 26423DB8440C3039E1702CB3 /* hand.jpg */; };
		35BFE4CA245E043362617CEC /* MediaPipeSmokeTests.swift in Sources */ = {isa = PBXBuildFile; fileRef = 6C5812DF80527F1729F300B0 /* MediaPipeSmokeTests.swift */; };
		8A6507CAB7C0C6B3D8EC531A /* MediaPipeTasksVision.framework in Embed Frameworks */ = {isa = PBXBuildFile; fileRef = 4AADBA4143F79242C5CB0439 /* MediaPipeTasksVision.framework */; settings = {ATTRIBUTES = (CodeSignOnCopy, ); }; };
		9F2D027A1E68BAE7DE10C7A5 /* hand_landmarker.task in Resources */ = {isa = PBXBuildFile; fileRef = 5D3F76341B3EE6E3EAEF46CA /* hand_landmarker.task */; };
		BAF836E105E7B844BDD9CD31 /* Foundation.framework in Frameworks */ = {isa = PBXBuildFile; fileRef = 7331AD8C90CE652403050DC5 /* Foundation.framework */; };
/* End PBXBuildFile section */

/* Begin PBXCopyFilesBuildPhase section */
		7F56A9B1A07FE8769F9249D8 /* Embed Frameworks */ = {
			isa = PBXCopyFilesBuildPhase;
			buildActionMask = 2147483647;
			dstPath = "";
			dstSubfolderSpec = 10;
			files = (
				8A6507CAB7C0C6B3D8EC531A /* MediaPipeTasksVision.framework in Embed Frameworks */,
			);
			name = "Embed Frameworks";
			runOnlyForDeploymentPostprocessing = 0;
		};
/* End PBXCopyFilesBuildPhase section */

/* Begin PBXFileReference section */
		036A28A3432EF93BD19F078D /* MediaPipeSmokeTests.xctest */ = {isa = PBXFileReference; explicitFileType = wrapper.cfbundle; includeInIndex = 0; path = MediaPipeSmokeTests.xctest; sourceTree = BUILT_PRODUCTS_DIR; };
		26423DB8440C3039E1702CB3 /* hand.jpg */ = {isa = PBXFileReference; includeInIndex = 1; name = hand.jpg; path = "../.build-artifacts/smoke-test-resources/hand.jpg"; sourceTree = "<group>"; };
		4AADBA4143F79242C5CB0439 /* MediaPipeTasksVision.framework */ = {isa = PBXFileReference; lastKnownFileType = wrapper.framework; name = MediaPipeTasksVision.framework; path = "../.build-artifacts/MediaPipeTasksVision.xcframework/ios-arm64-simulator/MediaPipeTasksVision.framework"; sourceTree = "<group>"; };
		54E91A1591123584931C3882 /* Testing.framework */ = {isa = PBXFileReference; lastKnownFileType = wrapper.framework; name = Testing.framework; path = System/Library/Frameworks/Testing.framework; sourceTree = "<group>"; };
		5D3F76341B3EE6E3EAEF46CA /* hand_landmarker.task */ = {isa = PBXFileReference; includeInIndex = 1; name = hand_landmarker.task; path = "../.build-artifacts/smoke-test-resources/hand_landmarker.task"; sourceTree = "<group>"; };
		6C5812DF80527F1729F300B0 /* MediaPipeSmokeTests.swift */ = {isa = PBXFileReference; includeInIndex = 1; lastKnownFileType = sourcecode.swift; path = MediaPipeSmokeTests.swift; sourceTree = "<group>"; };
		7331AD8C90CE652403050DC5 /* Foundation.framework */ = {isa = PBXFileReference; lastKnownFileType = wrapper.framework; name = Foundation.framework; path = Platforms/iPhoneOS.platform/Developer/SDKs/iPhoneOS26.0.sdk/System/Library/Frameworks/Foundation.framework; sourceTree = DEVELOPER_DIR; };
/* End PBXFileReference section */

/* Begin PBXFrameworksBuildPhase section */
		F8B167B0553377A0C7F89863 /* Frameworks */ = {
			isa = PBXFrameworksBuildPhase;
			buildActionMask = 2147483647;
			files = (
				BAF836E105E7B844BDD9CD31 /* Foundation.framework in Frameworks */,
				0D0B641246F9DD7CF99D14E4 /* MediaPipeTasksVision.framework in Frameworks */,
				1D374FF8932EA8B975D2C9E5 /* Testing.framework in Frameworks */,
			);
			runOnlyForDeploymentPostprocessing = 0;
		};
/* End PBXFrameworksBuildPhase section */

/* Begin PBXGroup section */
		1386FA0FE0300637BB64AD87 /* Products */ = {
			isa = PBXGroup;
			children = (
				036A28A3432EF93BD19F078D /* MediaPipeSmokeTests.xctest */,
			);
			name = Products;
			sourceTree = "<group>";
		};
		2DB2E4D9A81D122B13D8123D /* Resources */ = {
			isa = PBXGroup;
			children = (
				26423DB8440C3039E1702CB3 /* hand.jpg */,
				5D3F76341B3EE6E3EAEF46CA /* hand_landmarker.task */,
			);
			name = Resources;
			sourceTree = "<group>";
		};
		2FCD289552ECA987D39A09B4 = {
			isa = PBXGroup;
			children = (
				1386FA0FE0300637BB64AD87 /* Products */,
				9240C92F641B39DF7C55D043 /* Frameworks */,
				6C5812DF80527F1729F300B0 /* MediaPipeSmokeTests.swift */,
				2DB2E4D9A81D122B13D8123D /* Resources */,
				4AADBA4143F79242C5CB0439 /* MediaPipeTasksVision.framework */,
			);
			sourceTree = "<group>";
		};
		89855AF4AE11BFDFDD1D857D /* iOS */ = {
			isa = PBXGroup;
			children = (
				7331AD8C90CE652403050DC5 /* Foundation.framework */,
			);
			name = iOS;
			sourceTree = "<group>";
		};
		9240C92F641B39DF7C55D043 /* Frameworks */ = {
			isa = PBXGroup;
			children = (
				89855AF4AE11BFDFDD1D857D /* iOS */,
				54E91A1591123584931C3882 /* Testing.framework */,
			);
			name = Frameworks;
			sourceTree = "<group>";
		};
/* End PBXGroup section */

/* Begin PBXNativeTarget section */
		A1426C4D5F092DFB0FD32738 /* MediaPipeSmokeTests */ = {
			isa = PBXNativeTarget;
			buildConfigurationList = F79F51B8580488FE12198B7D /* Build configuration list for PBXNativeTarget "MediaPipeSmokeTests" */;
			buildPhases = (
				F7EDBD0C149AEE9B42C420A6 /* Sources */,
				F8B167B0553377A0C7F89863 /* Frameworks */,
				A89A1750DFF69D40FA5D7CDA /* Resources */,
				7F56A9B1A07FE8769F9249D8 /* Embed Frameworks */,
			);
			buildRules = (
			);
			dependencies = (
			);
			name = MediaPipeSmokeTests;
			productName = MediaPipeSmokeTests;
			productReference = 036A28A3432EF93BD19F078D /* MediaPipeSmokeTests.xctest */;
			productType = "com.apple.product-type.bundle.unit-test";
		};
/* End PBXNativeTarget section */

/* Begin PBXProject section */
		C977CDAC69C07589450221B2 /* Project object */ = {
			isa = PBXProject;
			attributes = {
				LastSwiftUpdateCheck = 1600;
				LastUpgradeCheck = 1600;
			};
			buildConfigurationList = E212F9BA2208BB1B42C1EC4B /* Build configuration list for PBXProject "MediaPipeSmokeTest" */;
			compatibilityVersion = "Xcode 3.2";
			developmentRegion = en;
			hasScannedForEncodings = 0;
			knownRegions = (
				en,
				Base,
			);
			mainGroup = 2FCD289552ECA987D39A09B4;
			minimizedProjectReferenceProxies = 0;
			preferredProjectObjectVersion = 100;
			productRefGroup = 1386FA0FE0300637BB64AD87 /* Products */;
			projectDirPath = "";
			projectRoot = "";
			targets = (
				A1426C4D5F092DFB0FD32738 /* MediaPipeSmokeTests */,
			);
		};
/* End PBXProject section */

/* Begin PBXResourcesBuildPhase section */
		A89A1750DFF69D40FA5D7CDA /* Resources */ = {
			isa = PBXResourcesBuildPhase;
			buildActionMask = 2147483647;
			files = (
				21EE38A05756716DF7A0F307 /* hand.jpg in Resources */,
				9F2D027A1E68BAE7DE10C7A5 /* hand_landmarker.task in Resources */,
			);
			runOnlyForDeploymentPostprocessing = 0;
		};
/* End PBXResourcesBuildPhase section */

/* Begin PBXSourcesBuildPhase section */
		F7EDBD0C149AEE9B42C420A6 /* Sources */ = {
			isa = PBXSourcesBuildPhase;
			buildActionMask = 2147483647;
			files = (
				35BFE4CA245E043362617CEC /* MediaPipeSmokeTests.swift in Sources */,
			);
			runOnlyForDeploymentPostprocessing = 0;
		};
/* End PBXSourcesBuildPhase section */

/* Begin XCBuildConfiguration section */
		076738CF576620A279C4B490 /* Release */ = {
			isa = XCBuildConfiguration;
			buildSettings = {
				ARCHS = arm64;
				CLANG_ENABLE_OBJC_WEAK = NO;
				CODE_SIGNING_ALLOWED = NO;
				FRAMEWORK_SEARCH_PATHS = (
					"$(SRCROOT)/../.build-artifacts/MediaPipeTasksVision.xcframework/ios-arm64-simulator",
					"$(PLATFORM_DIR)/Developer/Library/Frameworks",
				);
				IPHONEOS_DEPLOYMENT_TARGET = 17.0;
				OTHER_LDFLAGS = (
					"-framework",
					MediaPipeTasksVision,
					"-framework",
					Testing,
				);
				PRODUCT_BUNDLE_IDENTIFIER = com.vcamapp.mediapipe.smoketests;
				SDKROOT = iphoneos;
				VALIDATE_PRODUCT = YES;
			};
			name = Release;
		};
		B3EB1E7CA7F3A81A1E5DF816 /* Debug */ = {
			isa = XCBuildConfiguration;
			buildSettings = {
				ALWAYS_SEARCH_USER_PATHS = NO;
				CLANG_ANALYZER_NONNULL = YES;
				CLANG_ANALYZER_NUMBER_OBJECT_CONVERSION = YES_AGGRESSIVE;
				CLANG_CXX_LANGUAGE_STANDARD = "gnu++14";
				CLANG_CXX_LIBRARY = "libc++";
				CLANG_ENABLE_MODULES = YES;
				CLANG_ENABLE_OBJC_ARC = YES;
				CLANG_ENABLE_OBJC_WEAK = YES;
				CLANG_WARN_BLOCK_CAPTURE_AUTORELEASING = YES;
				CLANG_WARN_BOOL_CONVERSION = YES;
				CLANG_WARN_COMMA = YES;
				CLANG_WARN_CONSTANT_CONVERSION = YES;
				CLANG_WARN_DEPRECATED_OBJC_IMPLEMENTATIONS = YES;
				CLANG_WARN_DIRECT_OBJC_ISA_USAGE = YES_ERROR;
				CLANG_WARN_DOCUMENTATION_COMMENTS = YES;
				CLANG_WARN_EMPTY_BODY = YES;
				CLANG_WARN_ENUM_CONVERSION = YES;
				CLANG_WARN_INFINITE_RECURSION = YES;
				CLANG_WARN_INT_CONVERSION = YES;
				CLANG_WARN_NON_LITERAL_NULL_CONVERSION = YES;
				CLANG_WARN_OBJC_IMPLICIT_RETAIN_SELF = YES;
				CLANG_WARN_OBJC_LITERAL_CONVERSION = YES;
				CLANG_WARN_OBJC_ROOT_CLASS = YES_ERROR;
				CLANG_WARN_QUOTED_INCLUDE_IN_FRAMEWORK_HEADER = YES;
				CLANG_WARN_RANGE_LOOP_ANALYSIS = YES;
				CLANG_WARN_STRICT_PROTOTYPES = YES;
				CLANG_WARN_SUSPICIOUS_MOVE = YES;
				CLANG_WARN_UNGUARDED_AVAILABILITY = YES_AGGRESSIVE;
				CLANG_WARN_UNREACHABLE_CODE = YES;
				CLANG_WARN__DUPLICATE_METHOD_MATCH = YES;
				COPY_PHASE_STRIP = NO;
				DEBUG_INFORMATION_FORMAT = dwarf;
				ENABLE_STRICT_OBJC_MSGSEND = YES;
				ENABLE_TESTABILITY = YES;
				GCC_C_LANGUAGE_STANDARD = gnu11;
				GCC_DYNAMIC_NO_PIC = NO;
				GCC_NO_COMMON_BLOCKS = YES;
				GCC_OPTIMIZATION_LEVEL = 0;
				GCC_PREPROCESSOR_DEFINITIONS = (
					"DEBUG=1",
					"$(inherited)",
				);
				GCC_WARN_64_TO_32_BIT_CONVERSION = YES;
				GCC_WARN_ABOUT_RETURN_TYPE = YES_ERROR;
				GCC_WARN_UNDECLARED_SELECTOR = YES;
				GCC_WARN_UNINITIALIZED_AUTOS = YES_AGGRESSIVE;
				GCC_WARN_UNUSED_FUNCTION = YES;
				GCC_WARN_UNUSED_VARIABLE = YES;
				MTL_ENABLE_DEBUG_INFO = INCLUDE_SOURCE;
				MTL_FAST_MATH = YES;
				ONLY_ACTIVE_ARCH = YES;
				PRODUCT_NAME = "$(TARGET_NAME)";
				SWIFT_ACTIVE_COMPILATION_CONDITIONS = DEBUG;
				SWIFT_OPTIMIZATION_LEVEL = "-Onone";
				SWIFT_VERSION = 5.0;
			};
			name = Debug;
		};
		C7133209B18775B743392A47 /* Debug */ = {
			isa = XCBuildConfiguration;
			buildSettings = {
				ARCHS = arm64;
				CLANG_ENABLE_OBJC_WEAK = NO;
				CODE_SIGNING_ALLOWED = NO;
				FRAMEWORK_SEARCH_PATHS = (
					"$(SRCROOT)/../.build-artifacts/MediaPipeTasksVision.xcframework/ios-arm64-simulator",
					"$(PLATFORM_DIR)/Developer/Library/Frameworks",
				);
				IPHONEOS_DEPLOYMENT_TARGET = 17.0;
				OTHER_LDFLAGS = (
					"-framework",
					MediaPipeTasksVision,
					"-framework",
					Testing,
				);
				PRODUCT_BUNDLE_IDENTIFIER = com.vcamapp.mediapipe.smoketests;
				SDKROOT = iphoneos;
			};
			name = Debug;
		};
		E942C1BDA25EA6C23CDDD86D /* Release */ = {
			isa = XCBuildConfiguration;
			buildSettings = {
				ALWAYS_SEARCH_USER_PATHS = NO;
				CLANG_ANALYZER_NONNULL = YES;
				CLANG_ANALYZER_NUMBER_OBJECT_CONVERSION = YES_AGGRESSIVE;
				CLANG_CXX_LANGUAGE_STANDARD = "gnu++14";
				CLANG_CXX_LIBRARY = "libc++";
				CLANG_ENABLE_MODULES = YES;
				CLANG_ENABLE_OBJC_ARC = YES;
				CLANG_ENABLE_OBJC_WEAK = YES;
				CLANG_WARN_BLOCK_CAPTURE_AUTORELEASING = YES;
				CLANG_WARN_BOOL_CONVERSION = YES;
				CLANG_WARN_COMMA = YES;
				CLANG_WARN_CONSTANT_CONVERSION = YES;
				CLANG_WARN_DEPRECATED_OBJC_IMPLEMENTATIONS = YES;
				CLANG_WARN_DIRECT_OBJC_ISA_USAGE = YES_ERROR;
				CLANG_WARN_DOCUMENTATION_COMMENTS = YES;
				CLANG_WARN_EMPTY_BODY = YES;
				CLANG_WARN_ENUM_CONVERSION = YES;
				CLANG_WARN_INFINITE_RECURSION = YES;
				CLANG_WARN_INT_CONVERSION = YES;
				CLANG_WARN_NON_LITERAL_NULL_CONVERSION = YES;
				CLANG_WARN_OBJC_IMPLICIT_RETAIN_SELF = YES;
				CLANG_WARN_OBJC_LITERAL_CONVERSION = YES;
				CLANG_WARN_OBJC_ROOT_CLASS = YES_ERROR;
				CLANG_WARN_QUOTED_INCLUDE_IN_FRAMEWORK_HEADER = YES;
				CLANG_WARN_RANGE_LOOP_ANALYSIS = YES;
				CLANG_WARN_STRICT_PROTOTYPES = YES;
				CLANG_WARN_SUSPICIOUS_MOVE = YES;
				CLANG_WARN_UNGUARDED_AVAILABILITY = YES_AGGRESSIVE;
				CLANG_WARN_UNREACHABLE_CODE = YES;
				CLANG_WARN__DUPLICATE_METHOD_MATCH = YES;
				COPY_PHASE_STRIP = NO;
				DEBUG_INFORMATION_FORMAT = "dwarf-with-dsym";
				ENABLE_NS_ASSERTIONS = NO;
				ENABLE_STRICT_OBJC_MSGSEND = YES;
				GCC_C_LANGUAGE_STANDARD = gnu11;
				GCC_NO_COMMON_BLOCKS = YES;
				GCC_WARN_64_TO_32_BIT_CONVERSION = YES;
				GCC_WARN_ABOUT_RETURN_TYPE = YES_ERROR;
				GCC_WARN_UNDECLARED_SELECTOR = YES;
				GCC_WARN_UNINITIALIZED_AUTOS = YES_AGGRESSIVE;
				GCC_WARN_UNUSED_FUNCTION = YES;
				GCC_WARN_UNUSED_VARIABLE = YES;
				MTL_ENABLE_DEBUG_INFO = NO;
				MTL_FAST_MATH = YES;
				PRODUCT_NAME = "$(TARGET_NAME)";
				SWIFT_COMPILATION_MODE = wholemodule;
				SWIFT_OPTIMIZATION_LEVEL = "-O";
				SWIFT_VERSION = 5.0;
			};
			name = Release;
		};
/* End XCBuildConfiguration section */

/* Begin XCConfigurationList section */
		E212F9BA2208BB1B42C1EC4B /* Build configuration list for PBXProject "MediaPipeSmokeTest" */ = {
			isa = XCConfigurationList;
			buildConfigurations = (
				B3EB1E7CA7F3A81A1E5DF816 /* Debug */,
				E942C1BDA25EA6C23CDDD86D /* Release */,
			);
			defaultConfigurationIsVisible = 0;
			defaultConfigurationName = Release;
		};
		F79F51B8580488FE12198B7D /* Build configuration list for PBXNativeTarget "MediaPipeSmokeTests" */ = {
			isa = XCConfigurationList;
			buildConfigurations = (
				076738CF576620A279C4B490 /* Release */,
				C7133209B18775B743392A47 /* Debug */,
			);
			defaultConfigurationIsVisible = 0;
			defaultConfigurationName = Release;
		};
/* End XCConfigurationList section */
	};
	rootObject = C977CDAC69C07589450221B2 /* Project object */;
}
