// !$*UTF8*$!
{
	archiveVersion = 1;
	classes = {
	};
	objectVersion = 46;
	objects = {

/* Begin PBXBuildFile section */
		11EAF91DE43D51168FF0E6CD /* hand.jpg in Resources */ = {isa = PBXBuildFile; fileRef = 322BFE48D9A3834821EDB642 /* hand.jpg */; };
		204E0B177C9FD05215F42787 /* MediaPipeTasksVision.framework in Embed Frameworks */ = {isa = PBXBuildFile; fileRef = 665AF4F53A27E00B259E6666 /* MediaPipeTasksVision.framework */; settings = {ATTRIBUTES = (CodeSignOnCopy, ); }; };
		8CB07E474A30F0606A1C52CA /* Foundation.framework in Frameworks */ = {isa = PBXBuildFile; fileRef = 01714DB7761618D7245D149F /* Foundation.framework */; };
		AF52EAA5D319BFA1941BA00D /* MediaPipeSmokeTests.swift in Sources */ = {isa = PBXBuildFile; fileRef = B3D462D10BD92A2BB50FAABF /* MediaPipeSmokeTests.swift */; };
		C384E8D5F17587E62A870EE8 /* MediaPipeTasksVision.framework in Frameworks */ = {isa = PBXBuildFile; fileRef = 665AF4F53A27E00B259E6666 /* MediaPipeTasksVision.framework */; };
		DC32C442A4465ADF071FA604 /* Testing.framework in Frameworks */ = {isa = PBXBuildFile; fileRef = B0A2AC2D814F95868AE953D9 /* Testing.framework */; };
		DFF3647BF609C1E2DDC8D2B3 /* hand_landmarker.task in Resources */ = {isa = PBXBuildFile; fileRef = 3326F085075F59AC23AFDE15 /* hand_landmarker.task */; };
/* End PBXBuildFile section */

/* Begin PBXCopyFilesBuildPhase section */
		D539637B85798D79539F91FF /* Embed Frameworks */ = {
			isa = PBXCopyFilesBuildPhase;
			buildActionMask = 2147483647;
			dstPath = "";
			dstSubfolderSpec = 10;
			files = (
				204E0B177C9FD05215F42787 /* MediaPipeTasksVision.framework in Embed Frameworks */,
			);
			name = "Embed Frameworks";
			runOnlyForDeploymentPostprocessing = 0;
		};
/* End PBXCopyFilesBuildPhase section */

/* Begin PBXFileReference section */
		01714DB7761618D7245D149F /* Foundation.framework */ = {isa = PBXFileReference; lastKnownFileType = wrapper.framework; name = Foundation.framework; path = Platforms/iPhoneOS.platform/Developer/SDKs/iPhoneOS26.0.sdk/System/Library/Frameworks/Foundation.framework; sourceTree = DEVELOPER_DIR; };
		2EC6003872D64EAA6F3D502E /* MediaPipeSmokeTests.xctest */ = {isa = PBXFileReference; explicitFileType = wrapper.cfbundle; includeInIndex = 0; path = MediaPipeSmokeTests.xctest; sourceTree = BUILT_PRODUCTS_DIR; };
		322BFE48D9A3834821EDB642 /* hand.jpg */ = {isa = PBXFileReference; includeInIndex = 1; name = hand.jpg; path = "../.build-artifacts/smoke-test-resources/hand.jpg"; sourceTree = "<group>"; };
		3326F085075F59AC23AFDE15 /* hand_landmarker.task */ = {isa = PBXFileReference; includeInIndex = 1; name = hand_landmarker.task; path = "../.build-artifacts/smoke-test-resources/hand_landmarker.task"; sourceTree = "<group>"; };
		665AF4F53A27E00B259E6666 /* MediaPipeTasksVision.framework */ = {isa = PBXFileReference; lastKnownFileType = wrapper.framework; name = MediaPipeTasksVision.framework; path = "../.build-artifacts/MediaPipeTasksVision.xcframework/ios-arm64-simulator/MediaPipeTasksVision.framework"; sourceTree = "<group>"; };
		B0A2AC2D814F95868AE953D9 /* Testing.framework */ = {isa = PBXFileReference; lastKnownFileType = wrapper.framework; name = Testing.framework; path = System/Library/Frameworks/Testing.framework; sourceTree = "<group>"; };
		B3D462D10BD92A2BB50FAABF /* MediaPipeSmokeTests.swift */ = {isa = PBXFileReference; includeInIndex = 1; lastKnownFileType = sourcecode.swift; path = MediaPipeSmokeTests.swift; sourceTree = "<group>"; };
/* End PBXFileReference section */

/* Begin PBXFrameworksBuildPhase section */
		86F6621334157E8FA181BA03 /* Frameworks */ = {
			isa = PBXFrameworksBuildPhase;
			buildActionMask = 2147483647;
			files = (
				8CB07E474A30F0606A1C52CA /* Foundation.framework in Frameworks */,
				C384E8D5F17587E62A870EE8 /* MediaPipeTasksVision.framework in Frameworks */,
				DC32C442A4465ADF071FA604 /* Testing.framework in Frameworks */,
			);
			runOnlyForDeploymentPostprocessing = 0;
		};
/* End PBXFrameworksBuildPhase section */

/* Begin PBXGroup section */
		0C55925442B5321E61D92765 /* Frameworks */ = {
			isa = PBXGroup;
			children = (
				1F9584D1980050AAD6D318A0 /* iOS */,
				B0A2AC2D814F95868AE953D9 /* Testing.framework */,
			);
			name = Frameworks;
			sourceTree = "<group>";
		};
		127A19FFFBD3DCD238D66A86 = {
			isa = PBXGroup;
			children = (
				7DB9E57CD7E179C4BCAC07C0 /* Products */,
				0C55925442B5321E61D92765 /* Frameworks */,
				B3D462D10BD92A2BB50FAABF /* MediaPipeSmokeTests.swift */,
				92D438EB5BAFA954EFBEED35 /* Resources */,
				665AF4F53A27E00B259E6666 /* MediaPipeTasksVision.framework */,
			);
			sourceTree = "<group>";
		};
		1F9584D1980050AAD6D318A0 /* iOS */ = {
			isa = PBXGroup;
			children = (
				01714DB7761618D7245D149F /* Foundation.framework */,
			);
			name = iOS;
			sourceTree = "<group>";
		};
		7DB9E57CD7E179C4BCAC07C0 /* Products */ = {
			isa = PBXGroup;
			children = (
				2EC6003872D64EAA6F3D502E /* MediaPipeSmokeTests.xctest */,
			);
			name = Products;
			sourceTree = "<group>";
		};
		92D438EB5BAFA954EFBEED35 /* Resources */ = {
			isa = PBXGroup;
			children = (
				322BFE48D9A3834821EDB642 /* hand.jpg */,
				3326F085075F59AC23AFDE15 /* hand_landmarker.task */,
			);
			name = Resources;
			sourceTree = "<group>";
		};
/* End PBXGroup section */

/* Begin PBXNativeTarget section */
		A2E7F89423A10496849DB02E /* MediaPipeSmokeTests */ = {
			isa = PBXNativeTarget;
			buildConfigurationList = D0FF8F683C80E3CD9981CB99 /* Build configuration list for PBXNativeTarget "MediaPipeSmokeTests" */;
			buildPhases = (
				2E0CFFC451EE2F8ED19E8F8B /* Sources */,
				86F6621334157E8FA181BA03 /* Frameworks */,
				6A428F5269442E9D16F62A83 /* Resources */,
				D539637B85798D79539F91FF /* Embed Frameworks */,
			);
			buildRules = (
			);
			dependencies = (
			);
			name = MediaPipeSmokeTests;
			productName = MediaPipeSmokeTests;
			productReference = 2EC6003872D64EAA6F3D502E /* MediaPipeSmokeTests.xctest */;
			productType = "com.apple.product-type.bundle.unit-test";
		};
/* End PBXNativeTarget section */

/* Begin PBXProject section */
		395B60EF7A7FC001A4FD8BCC /* Project object */ = {
			isa = PBXProject;
			attributes = {
				LastSwiftUpdateCheck = 1600;
				LastUpgradeCheck = 1600;
			};
			buildConfigurationList = 00793BC8A60BA61279D132B3 /* Build configuration list for PBXProject "MediaPipeSmokeTest" */;
			compatibilityVersion = "Xcode 3.2";
			developmentRegion = en;
			hasScannedForEncodings = 0;
			knownRegions = (
				en,
				Base,
			);
			mainGroup = 127A19FFFBD3DCD238D66A86;
			minimizedProjectReferenceProxies = 0;
			preferredProjectObjectVersion = 100;
			productRefGroup = 7DB9E57CD7E179C4BCAC07C0 /* Products */;
			projectDirPath = "";
			projectRoot = "";
			targets = (
				A2E7F89423A10496849DB02E /* MediaPipeSmokeTests */,
			);
		};
/* End PBXProject section */

/* Begin PBXResourcesBuildPhase section */
		6A428F5269442E9D16F62A83 /* Resources */ = {
			isa = PBXResourcesBuildPhase;
			buildActionMask = 2147483647;
			files = (
				11EAF91DE43D51168FF0E6CD /* hand.jpg in Resources */,
				DFF3647BF609C1E2DDC8D2B3 /* hand_landmarker.task in Resources */,
			);
			runOnlyForDeploymentPostprocessing = 0;
		};
/* End PBXResourcesBuildPhase section */

/* Begin PBXSourcesBuildPhase section */
		2E0CFFC451EE2F8ED19E8F8B /* Sources */ = {
			isa = PBXSourcesBuildPhase;
			buildActionMask = 2147483647;
			files = (
				AF52EAA5D319BFA1941BA00D /* MediaPipeSmokeTests.swift in Sources */,
			);
			runOnlyForDeploymentPostprocessing = 0;
		};
/* End PBXSourcesBuildPhase section */

/* Begin XCBuildConfiguration section */
		0514A05CDC840BA8879EDF71 /* Release */ = {
			isa = XCBuildConfiguration;
			buildSettings = {
				ARCHS = arm64;
				CLANG_ENABLE_OBJC_WEAK = NO;
				CODE_SIGNING_ALLOWED = NO;
				FRAMEWORK_SEARCH_PATHS = (
					"$(SRCROOT)/../.build-artifacts/MediaPipeTasksVision.xcframework/ios-arm64-simulator",
					"$(PLATFORM_DIR)/Developer/Library/Frameworks",
				);
				IPHONEOS_DEPLOYMENT_TARGET = 17.0;
				OTHER_LDFLAGS = (
					"-framework",
					MediaPipeTasksVision,
					"-framework",
					Testing,
				);
				PRODUCT_BUNDLE_IDENTIFIER = com.vcamapp.mediapipe.smoketests;
				SDKROOT = iphoneos;
				VALIDATE_PRODUCT = YES;
			};
			name = Release;
		};
		16C09EA49E2D0690671346CD /* Debug */ = {
			isa = XCBuildConfiguration;
			buildSettings = {
				ALWAYS_SEARCH_USER_PATHS = NO;
				CLANG_ANALYZER_NONNULL = YES;
				CLANG_ANALYZER_NUMBER_OBJECT_CONVERSION = YES_AGGRESSIVE;
				CLANG_CXX_LANGUAGE_STANDARD = "gnu++14";
				CLANG_CXX_LIBRARY = "libc++";
				CLANG_ENABLE_MODULES = YES;
				CLANG_ENABLE_OBJC_ARC = YES;
				CLANG_ENABLE_OBJC_WEAK = YES;
				CLANG_WARN_BLOCK_CAPTURE_AUTORELEASING = YES;
				CLANG_WARN_BOOL_CONVERSION = YES;
				CLANG_WARN_COMMA = YES;
				CLANG_WARN_CONSTANT_CONVERSION = YES;
				CLANG_WARN_DEPRECATED_OBJC_IMPLEMENTATIONS = YES;
				CLANG_WARN_DIRECT_OBJC_ISA_USAGE = YES_ERROR;
				CLANG_WARN_DOCUMENTATION_COMMENTS = YES;
				CLANG_WARN_EMPTY_BODY = YES;
				CLANG_WARN_ENUM_CONVERSION = YES;
				CLANG_WARN_INFINITE_RECURSION = YES;
				CLANG_WARN_INT_CONVERSION = YES;
				CLANG_WARN_NON_LITERAL_NULL_CONVERSION = YES;
				CLANG_WARN_OBJC_IMPLICIT_RETAIN_SELF = YES;
				CLANG_WARN_OBJC_LITERAL_CONVERSION = YES;
				CLANG_WARN_OBJC_ROOT_CLASS = YES_ERROR;
				CLANG_WARN_QUOTED_INCLUDE_IN_FRAMEWORK_HEADER = YES;
				CLANG_WARN_RANGE_LOOP_ANALYSIS = YES;
				CLANG_WARN_STRICT_PROTOTYPES = YES;
				CLANG_WARN_SUSPICIOUS_MOVE = YES;
				CLANG_WARN_UNGUARDED_AVAILABILITY = YES_AGGRESSIVE;
				CLANG_WARN_UNREACHABLE_CODE = YES;
				CLANG_WARN__DUPLICATE_METHOD_MATCH = YES;
				COPY_PHASE_STRIP = NO;
				DEBUG_INFORMATION_FORMAT = dwarf;
				ENABLE_STRICT_OBJC_MSGSEND = YES;
				ENABLE_TESTABILITY = YES;
				GCC_C_LANGUAGE_STANDARD = gnu11;
				GCC_DYNAMIC_NO_PIC = NO;
				GCC_NO_COMMON_BLOCKS = YES;
				GCC_OPTIMIZATION_LEVEL = 0;
				GCC_PREPROCESSOR_DEFINITIONS = (
					"DEBUG=1",
					"$(inherited)",
				);
				GCC_WARN_64_TO_32_BIT_CONVERSION = YES;
				GCC_WARN_ABOUT_RETURN_TYPE = YES_ERROR;
				GCC_WARN_UNDECLARED_SELECTOR = YES;
				GCC_WARN_UNINITIALIZED_AUTOS = YES_AGGRESSIVE;
				GCC_WARN_UNUSED_FUNCTION = YES;
				GCC_WARN_UNUSED_VARIABLE = YES;
				MTL_ENABLE_DEBUG_INFO = INCLUDE_SOURCE;
				MTL_FAST_MATH = YES;
				ONLY_ACTIVE_ARCH = YES;
				PRODUCT_NAME = "$(TARGET_NAME)";
				SWIFT_ACTIVE_COMPILATION_CONDITIONS = DEBUG;
				SWIFT_OPTIMIZATION_LEVEL = "-Onone";
				SWIFT_VERSION = 5.0;
			};
			name = Debug;
		};
		8DDEC4AEFB5427788B9D00B5 /* Debug */ = {
			isa = XCBuildConfiguration;
			buildSettings = {
				ARCHS = arm64;
				CLANG_ENABLE_OBJC_WEAK = NO;
				CODE_SIGNING_ALLOWED = NO;
				FRAMEWORK_SEARCH_PATHS = (
					"$(SRCROOT)/../.build-artifacts/MediaPipeTasksVision.xcframework/ios-arm64-simulator",
					"$(PLATFORM_DIR)/Developer/Library/Frameworks",
				);
				IPHONEOS_DEPLOYMENT_TARGET = 17.0;
				OTHER_LDFLAGS = (
					"-framework",
					MediaPipeTasksVision,
					"-framework",
					Testing,
				);
				PRODUCT_BUNDLE_IDENTIFIER = com.vcamapp.mediapipe.smoketests;
				SDKROOT = iphoneos;
			};
			name = Debug;
		};
		D6EAC1FD732EEAE20A567386 /* Release */ = {
			isa = XCBuildConfiguration;
			buildSettings = {
				ALWAYS_SEARCH_USER_PATHS = NO;
				CLANG_ANALYZER_NONNULL = YES;
				CLANG_ANALYZER_NUMBER_OBJECT_CONVERSION = YES_AGGRESSIVE;
				CLANG_CXX_LANGUAGE_STANDARD = "gnu++14";
				CLANG_CXX_LIBRARY = "libc++";
				CLANG_ENABLE_MODULES = YES;
				CLANG_ENABLE_OBJC_ARC = YES;
				CLANG_ENABLE_OBJC_WEAK = YES;
				CLANG_WARN_BLOCK_CAPTURE_AUTORELEASING = YES;
				CLANG_WARN_BOOL_CONVERSION = YES;
				CLANG_WARN_COMMA = YES;
				CLANG_WARN_CONSTANT_CONVERSION = YES;
				CLANG_WARN_DEPRECATED_OBJC_IMPLEMENTATIONS = YES;
				CLANG_WARN_DIRECT_OBJC_ISA_USAGE = YES_ERROR;
				CLANG_WARN_DOCUMENTATION_COMMENTS = YES;
				CLANG_WARN_EMPTY_BODY = YES;
				CLANG_WARN_ENUM_CONVERSION = YES;
				CLANG_WARN_INFINITE_RECURSION = YES;
				CLANG_WARN_INT_CONVERSION = YES;
				CLANG_WARN_NON_LITERAL_NULL_CONVERSION = YES;
				CLANG_WARN_OBJC_IMPLICIT_RETAIN_SELF = YES;
				CLANG_WARN_OBJC_LITERAL_CONVERSION = YES;
				CLANG_WARN_OBJC_ROOT_CLASS = YES_ERROR;
				CLANG_WARN_QUOTED_INCLUDE_IN_FRAMEWORK_HEADER = YES;
				CLANG_WARN_RANGE_LOOP_ANALYSIS = YES;
				CLANG_WARN_STRICT_PROTOTYPES = YES;
				CLANG_WARN_SUSPICIOUS_MOVE = YES;
				CLANG_WARN_UNGUARDED_AVAILABILITY = YES_AGGRESSIVE;
				CLANG_WARN_UNREACHABLE_CODE = YES;
				CLANG_WARN__DUPLICATE_METHOD_MATCH = YES;
				COPY_PHASE_STRIP = NO;
				DEBUG_INFORMATION_FORMAT = "dwarf-with-dsym";
				ENABLE_NS_ASSERTIONS = NO;
				ENABLE_STRICT_OBJC_MSGSEND = YES;
				GCC_C_LANGUAGE_STANDARD = gnu11;
				GCC_NO_COMMON_BLOCKS = YES;
				GCC_WARN_64_TO_32_BIT_CONVERSION = YES;
				GCC_WARN_ABOUT_RETURN_TYPE = YES_ERROR;
				GCC_WARN_UNDECLARED_SELECTOR = YES;
				GCC_WARN_UNINITIALIZED_AUTOS = YES_AGGRESSIVE;
				GCC_WARN_UNUSED_FUNCTION = YES;
				GCC_WARN_UNUSED_VARIABLE = YES;
				MTL_ENABLE_DEBUG_INFO = NO;
				MTL_FAST_MATH = YES;
				PRODUCT_NAME = "$(TARGET_NAME)";
				SWIFT_COMPILATION_MODE = wholemodule;
				SWIFT_OPTIMIZATION_LEVEL = "-O";
				SWIFT_VERSION = 5.0;
			};
			name = Release;
		};
/* End XCBuildConfiguration section */

/* Begin XCConfigurationList section */
		00793BC8A60BA61279D132B3 /* Build configuration list for PBXProject "MediaPipeSmokeTest" */ = {
			isa = XCConfigurationList;
			buildConfigurations = (
				16C09EA49E2D0690671346CD /* Debug */,
				D6EAC1FD732EEAE20A567386 /* Release */,
			);
			defaultConfigurationIsVisible = 0;
			defaultConfigurationName = Release;
		};
		D0FF8F683C80E3CD9981CB99 /* Build configuration list for PBXNativeTarget "MediaPipeSmokeTests" */ = {
			isa = XCConfigurationList;
			buildConfigurations = (
				0514A05CDC840BA8879EDF71 /* Release */,
				8DDEC4AEFB5427788B9D00B5 /* Debug */,
			);
			defaultConfigurationIsVisible = 0;
			defaultConfigurationName = Release;
		};
/* End XCConfigurationList section */
	};
	rootObject = 395B60EF7A7FC001A4FD8BCC /* Project object */;
}
