PODS:
  - MediaPipeTasksCommon (1.0.0)
  - MediaPipeTasksVision (1.0.0):
    - MediaPipeTasksCommon (= 1.0.0)

DEPENDENCIES:
  - MediaPipeTasksVision (= 1.0.0)

SPEC REPOS:
  trunk:
    - MediaPipeTasksCommon
    - MediaPipeTasksVision

SPEC CHECKSUMS:
  MediaPipeTasksCommon: 520bf860a59a3425471fdd516d82263d2ced5700
  MediaPipeTasksVision: 2a0e74fd13f7a5df9eae3716b21e459806c65ce9

PODFILE CHECKSUM: 2956e9c051d216af384f21ff7564ba055985bdd9

COCOAPODS: 1.16.2
