// !$*UTF8*$!
{
	archiveVersion = 1;
	classes = {
	};
	objectVersion = 46;
	objects = {

/* Begin PBXBuildFile section */
		01D0083E79E538EF57C6A71A /* MPPPoseLandmarkerOptions.h in Headers */ = {isa = PBXBuildFile; fileRef = 84FBCE9A01B72E170B9D86A5 /* MPPPoseLandmarkerOptions.h */; };
		0290F965D6B0994D636B348C /* ImageIO.framework in Frameworks */ = {isa = PBXBuildFile; fileRef = 6D4C0BCD6828CFD5B97C2947 /* ImageIO.framework */; };
		075B4937FA7590E0D7EE7D98 /* CoreVideo.framework in Frameworks */ = {isa = PBXBuildFile; fileRef = BAB3ED15F77E56EB5386F4B2 /* CoreVideo.framework */; };
		0777A3ED317954C7D533B8E8 /* MPPObjectDetectorResult.h in Headers */ = {isa = PBXBuildFile; fileRef = 59AE269B784B24BCC71ED206 /* MPPObjectDetectorResult.h */; };
		0B24E5A67C8BDC9FED22593E /* MPPFaceLandmarker.h in Headers */ = {isa = PBXBuildFile; fileRef = 60F2EDF574B083D66B8219AD /* MPPFaceLandmarker.h */; };
		0FA66A0EDF3FEDCB96756E23 /* MPPEmbeddingResult.h in Headers */ = {isa = PBXBuildFile; fileRef = 53A8E9AB1627E862ED4E0B22 /* MPPEmbeddingResult.h */; };
		15F2700F21B881F81D9ABE9C /* MPPRunningMode.h in Headers */ = {isa = PBXBuildFile; fileRef = 4148D19C4C85623725CB95F2 /* MPPRunningMode.h */; };
		19151193F7117292EED8F52D /* MPPTaskResult.h in Headers */ = {isa = PBXBuildFile; fileRef = C61DF44E041AAD124B83988F /* MPPTaskResult.h */; };
		1A1FB7B8B7C54B48A2E4418B /* MPPObjectDetectorOptions.h in Headers */ = {isa = PBXBuildFile; fileRef = EACD4A96D9FEA5D209EDCA45 /* MPPObjectDetectorOptions.h */; };
		1CEA0D0CC41B2697AFE3A959 /* MPPImageSegmenterResult.h in Headers */ = {isa = PBXBuildFile; fileRef = 091E74AA98B8DB303669BCE9 /* MPPImageSegmenterResult.h */; };
		1D7F731322067663451657FF /* MPPClassificationResult.h in Headers */ = {isa = PBXBuildFile; fileRef = 1F52815B546B42DFEB272DD4 /* MPPClassificationResult.h */; };
		252424E860DC303EF6931CC3 /* MPPHolisticLandmarkerResult.h in Headers */ = {isa = PBXBuildFile; fileRef = E8BFAD7B09D7004C57E3C83B /* MPPHolisticLandmarkerResult.h */; };
		2BE4662EECB0115090484521 /* MPPFaceDetectorOptions.h in Headers */ = {isa = PBXBuildFile; fileRef = 7B85FDB5A8A9C8CCD7C9011C /* MPPFaceDetectorOptions.h */; };
		2F763681B0C1E188A3E72674 /* Foundation.framework in Frameworks */ = {isa = PBXBuildFile; fileRef = 94C3F000B9B198C43CE4144B /* Foundation.framework */; };
		330DF642E02A2D57E8EE13E6 /* MPPHolisticLandmarker.h in Headers */ = {isa = PBXBuildFile; fileRef = E60F740905C0DA406D2648D2 /* MPPHolisticLandmarker.h */; };
		34542886B150C8770AD60462 /* MPPConnection.h in Headers */ = {isa = PBXBuildFile; fileRef = 3F5684EBE0149790E8A74863 /* MPPConnection.h */; };
		35574A7F6B4965AADE439756 /* MPPPoseLandmarker.h in Headers */ = {isa = PBXBuildFile; fileRef = AFAB15B172DC176EA1E5F2D3 /* MPPPoseLandmarker.h */; };
		3B3716F48F35BD8B0CEFD310 /* MPPDetection.h in Headers */ = {isa = PBXBuildFile; fileRef = 339662C5357435C85FB56546 /* MPPDetection.h */; };
		3D6BBDA9C7D7D8CED848D947 /* MPPImageSegmenter.h in Headers */ = {isa = PBXBuildFile; fileRef = 132910B895779586F883928E /* MPPImageSegmenter.h */; };
		3F2880858D449A9DF0F2C1AB /* QuartzCore.framework in Frameworks */ = {isa = PBXBuildFile; fileRef = 39F59980FAC1F3F808470716 /* QuartzCore.framework */; };
		4AE36D026DD1D6CE6D18D10D /* MetalKit.framework in Frameworks */ = {isa = PBXBuildFile; fileRef = 9EC990768BE9B6A5D19C4C2E /* MetalKit.framework */; };
		4B8890904E08A28FA58245F3 /* MPPHolisticLandmarkerOptions.h in Headers */ = {isa = PBXBuildFile; fileRef = 380C3FE2C76EFB65EE85F67C /* MPPHolisticLandmarkerOptions.h */; };
		4D88255D7F037E3B81940B0C /* MPPEmbedding.h in Headers */ = {isa = PBXBuildFile; fileRef = 94987F72CCA8EC47A843CF44 /* MPPEmbedding.h */; };
		528D7517D4B76ABDE3DD9E6A /* AVFoundation.framework in Frameworks */ = {isa = PBXBuildFile; fileRef = 22D044E282207B64BBE4FD14 /* AVFoundation.framework */; };
		546554C2CAD71EF210D79069 /* MPPInteractiveSegmenterOptions.h in Headers */ = {isa = PBXBuildFile; fileRef = D92C3E1A98DE70412FB7C899 /* MPPInteractiveSegmenterOptions.h */; };
		59D39C589C7D4D7A8E9FB570 /* MediaPipeTasksVision.h in Headers */ = {isa = PBXBuildFile; fileRef = 3BAFA387EC5BD0A43A0E6F8C /* MediaPipeTasksVision.h */; };
		631DEC732AAD64F5548F8A6A /* MPPLandmark.h in Headers */ = {isa = PBXBuildFile; fileRef = D3A9D2ACA54D204F0FABC4C3 /* MPPLandmark.h */; };
		65949A67970D27D49D475FF4 /* CoreGraphics.framework in Frameworks */ = {isa = PBXBuildFile; fileRef = C793AE3EEEB3CC5D37940C3D /* CoreGraphics.framework */; };
		6BEB8B0CBA17F211B4A140BC /* MPPInteractiveSegmenter.h in Headers */ = {isa = PBXBuildFile; fileRef = E9D2307615D88FF864B2404A /* MPPInteractiveSegmenter.h */; };
		6DE81510312289F47E5426D3 /* MPPForceLink.mm in Sources */ = {isa = PBXBuildFile; fileRef = B223F31D0F0499CEFAA68445 /* MPPForceLink.mm */; };
		72C18B99F94DBD0A96E86497 /* MPPInteractiveSegmenterResult.h in Headers */ = {isa = PBXBuildFile; fileRef = 6917849C728A37252F373612 /* MPPInteractiveSegmenterResult.h */; };
		72FBCD2CAA26013CCEC799C8 /* MPPMask.h in Headers */ = {isa = PBXBuildFile; fileRef = A528C9E86DECB3C0967954F8 /* MPPMask.h */; };
		7C803C4D7878E49EB8CA2977 /* MPPCategory.h in Headers */ = {isa = PBXBuildFile; fileRef = 86DA806F41CDCC7DE2251CEF /* MPPCategory.h */; };
		7D692932CCA88312CD593069 /* MPPCommon.h in Headers */ = {isa = PBXBuildFile; fileRef = 606C313B92003FAE553F8D6E /* MPPCommon.h */; };
		7E3EBF11F62CDD5FE55E8515 /* MPPHandLandmarker.h in Headers */ = {isa = PBXBuildFile; fileRef = E99D80AD1E9360027AF38364 /* MPPHandLandmarker.h */; };
		88FE9BC853064AD64DC71383 /* MPPFaceLandmarkerResult.h in Headers */ = {isa = PBXBuildFile; fileRef = FD04216B370F8FA84729F2CB /* MPPFaceLandmarkerResult.h */; };
		89516A81AC20EF8DADF632CF /* Metal.framework in Frameworks */ = {isa = PBXBuildFile; fileRef = A11509590D9FADF22453693A /* Metal.framework */; };
		8AD3710CC88DF9CFCC653B91 /* CoreImage.framework in Frameworks */ = {isa = PBXBuildFile; fileRef = E0797B140084C7F09428D4FE /* CoreImage.framework */; };
		91F93EC10AC7AE57164425FF /* MPPHandLandmarkerOptions.h in Headers */ = {isa = PBXBuildFile; fileRef = 3F9F359F7835D987CF6F2940 /* MPPHandLandmarkerOptions.h */; };
		97DB40ADB2A20E4CEDF0FDD8 /* MPPFaceDetector.h in Headers */ = {isa = PBXBuildFile; fileRef = 831D3A10AE13BB051CDA99B4 /* MPPFaceDetector.h */; };
		9A114FB6688D93364B3D4363 /* MPPObjectDetector.h in Headers */ = {isa = PBXBuildFile; fileRef = 39C6A77F082FCBE835006870 /* MPPObjectDetector.h */; };
		9EC19F5D9C7B731A9DE51999 /* Foundation.framework in Frameworks */ = {isa = PBXBuildFile; fileRef = 9AC378C8D0DB85E0910CE58B /* Foundation.framework */; };
		AA6F673DCC8A3A8AE3D678D4 /* Accelerate.framework in Frameworks */ = {isa = PBXBuildFile; fileRef = B09FFA73E2E55307C566D930 /* Accelerate.framework */; };
		AB88ECAC20BAC929E44E5A18 /* Security.framework in Frameworks */ = {isa = PBXBuildFile; fileRef = 474A86CED63C8977CC0B3D1E /* Security.framework */; };
		AD9A64796F2C73C75D5B818B /* MediaPipeTasksVision.h in Headers */ = {isa = PBXBuildFile; fileRef = 0DBB01EC1955A8F7E6350F83 /* MediaPipeTasksVision.h */; };
		ADAD501BF417E3E0C64EE09D /* MPPImageClassifier.h in Headers */ = {isa = PBXBuildFile; fileRef = 9AE3E8B4D990315599A2E9E1 /* MPPImageClassifier.h */; };
		B2697ED1B4DEB0A52C380766 /* MPPRegionOfInterest.h in Headers */ = {isa = PBXBuildFile; fileRef = 6D2368CCE592C9EF9B0EAFB5 /* MPPRegionOfInterest.h */; };
		B59DA68E653A41EC7AADD186 /* MPPGestureRecognizerOptions.h in Headers */ = {isa = PBXBuildFile; fileRef = FA4B14AE8830A4AE980F98C3 /* MPPGestureRecognizerOptions.h */; };
		BC09BAFD06019EF1FBF4C5B6 /* MPPGestureRecognizerResult.h in Headers */ = {isa = PBXBuildFile; fileRef = 644944AAA5DB194E6902B316 /* MPPGestureRecognizerResult.h */; };
		BC525BDB3582523A285006EC /* MPPClassifierOptions.h in Headers */ = {isa = PBXBuildFile; fileRef = 781C37094AB80548B2EBC905 /* MPPClassifierOptions.h */; };
		BE78687184CC743DA065B7AC /* MPPImage.h in Headers */ = {isa = PBXBuildFile; fileRef = 57D7203730566DFF1B624044 /* MPPImage.h */; };
		C497FBC002760C79E2540B7C /* MPPGestureRecognizer.h in Headers */ = {isa = PBXBuildFile; fileRef = C2EC91B7888842578444FC35 /* MPPGestureRecognizer.h */; };
		C5C13869D5F51AEE0275C002 /* MPPImageEmbedderOptions.h in Headers */ = {isa = PBXBuildFile; fileRef = 1B152CA23449A7EDA6A5F798 /* MPPImageEmbedderOptions.h */; };
		C5F4D420A882C621B3C2A287 /* MPPHandLandmarkerResult.h in Headers */ = {isa = PBXBuildFile; fileRef = 55D836D1879764C1FB5F11DA /* MPPHandLandmarkerResult.h */; };
		C8A74C8EA4E7D226E12AC3F8 /* CoreMedia.framework in Frameworks */ = {isa = PBXBuildFile; fileRef = DE2F3E36791C50CE6E87EACC /* CoreMedia.framework */; };
		C9A81AFD92EAE821139A4C48 /* OpenGLES.framework in Frameworks */ = {isa = PBXBuildFile; fileRef = DF768F85ADA4BA9C4C2788FB /* OpenGLES.framework */; };
		CAFF05D5800948B56B0245D0 /* UIKit.framework in Frameworks */ = {isa = PBXBuildFile; fileRef = A6995E2D04320CE7E272C1EA /* UIKit.framework */; };
		CDE3187C93FB344BA1C98354 /* MPPTaskOptions.h in Headers */ = {isa = PBXBuildFile; fileRef = 5277686BD7C35B5D07F90B0D /* MPPTaskOptions.h */; };
		D63752B8B11B13B657721EA1 /* MPPPoseLandmarkerResult.h in Headers */ = {isa = PBXBuildFile; fileRef = 7225D63B5A19D95C821653B9 /* MPPPoseLandmarkerResult.h */; };
		D721A19271B067C48915E71B /* MPPImageClassifierOptions.h in Headers */ = {isa = PBXBuildFile; fileRef = 94ABAE5372915E570B6EEB1A /* MPPImageClassifierOptions.h */; };
		E46C139D8215A39CF81D2509 /* MPPImageEmbedderResult.h in Headers */ = {isa = PBXBuildFile; fileRef = 95700F181A0FB8ABB108D038 /* MPPImageEmbedderResult.h */; };
		E70AF8DAB754C9966E8782C5 /* MPPFaceLandmarkerOptions.h in Headers */ = {isa = PBXBuildFile; fileRef = 6662C3FBCC963D551B0B1008 /* MPPFaceLandmarkerOptions.h */; };
		E8CFD96A9493280DFEF3DC40 /* MPPImageEmbedder.h in Headers */ = {isa = PBXBuildFile; fileRef = 221AEECFDD650B4F4B39998C /* MPPImageEmbedder.h */; };
		F9DE72C2E276A98CECC84E87 /* MPPImageSegmenterOptions.h in Headers */ = {isa = PBXBuildFile; fileRef = 853F285B87F42A274E4D9984 /* MPPImageSegmenterOptions.h */; };
		FB54395041A165895A871044 /* MPPImageClassifierResult.h in Headers */ = {isa = PBXBuildFile; fileRef = 430BE792DB37F83CF30434EA /* MPPImageClassifierResult.h */; };
		FCC358BC44922D6995FE95FC /* MPPFaceDetectorResult.h in Headers */ = {isa = PBXBuildFile; fileRef = 3A6E61AE2DEFF9F913364E1C /* MPPFaceDetectorResult.h */; };
		FE9A7EF9EF0813F45B370F40 /* MPPBaseOptions.h in Headers */ = {isa = PBXBuildFile; fileRef = 42F0253C239E9AEDE4F5E7EF /* MPPBaseOptions.h */; };
/* End PBXBuildFile section */

/* Begin PBXFileReference section */
		091E74AA98B8DB303669BCE9 /* MPPImageSegmenterResult.h */ = {isa = PBXFileReference; includeInIndex = 1; lastKnownFileType = sourcecode.c.h; name = MPPImageSegmenterResult.h; path = "../Pods/MediaPipeTasksVision/frameworks/MediaPipeTasksVision.xcframework/ios-arm64/MediaPipeTasksVision.framework/Headers/MPPImageSegmenterResult.h"; sourceTree = "<group>"; };
		0DBB01EC1955A8F7E6350F83 /* MediaPipeTasksVision.h */ = {isa = PBXFileReference; includeInIndex = 1; lastKnownFileType = sourcecode.c.h; name = MediaPipeTasksVision.h; path = MediaPipeTasksVision/MediaPipeTasksVision.h; sourceTree = "<group>"; };
		132910B895779586F883928E /* MPPImageSegmenter.h */ = {isa = PBXFileReference; includeInIndex = 1; lastKnownFileType = sourcecode.c.h; name = MPPImageSegmenter.h; path = "../Pods/MediaPipeTasksVision/frameworks/MediaPipeTasksVision.xcframework/ios-arm64/MediaPipeTasksVision.framework/Headers/MPPImageSegmenter.h"; sourceTree = "<group>"; };
		1B152CA23449A7EDA6A5F798 /* MPPImageEmbedderOptions.h */ = {isa = PBXFileReference; includeInIndex = 1; lastKnownFileType = sourcecode.c.h; name = MPPImageEmbedderOptions.h; path = "../Pods/MediaPipeTasksVision/frameworks/MediaPipeTasksVision.xcframework/ios-arm64/MediaPipeTasksVision.framework/Headers/MPPImageEmbedderOptions.h"; sourceTree = "<group>"; };
		1F52815B546B42DFEB272DD4 /* MPPClassificationResult.h */ = {isa = PBXFileReference; includeInIndex = 1; lastKnownFileType = sourcecode.c.h; name = MPPClassificationResult.h; path = "../Pods/MediaPipeTasksVision/frameworks/MediaPipeTasksVision.xcframework/ios-arm64/MediaPipeTasksVision.framework/Headers/MPPClassificationResult.h"; sourceTree = "<group>"; };
		221AEECFDD650B4F4B39998C /* MPPImageEmbedder.h */ = {isa = PBXFileReference; includeInIndex = 1; lastKnownFileType = sourcecode.c.h; name = MPPImageEmbedder.h; path = "../Pods/MediaPipeTasksVision/frameworks/MediaPipeTasksVision.xcframework/ios-arm64/MediaPipeTasksVision.framework/Headers/MPPImageEmbedder.h"; sourceTree = "<group>"; };
		22D044E282207B64BBE4FD14 /* AVFoundation.framework */ = {isa = PBXFileReference; lastKnownFileType = wrapper.framework; name = AVFoundation.framework; path = System/Library/Frameworks/AVFoundation.framework; sourceTree = "<group>"; };
		339662C5357435C85FB56546 /* MPPDetection.h */ = {isa = PBXFileReference; includeInIndex = 1; lastKnownFileType = sourcecode.c.h; name = MPPDetection.h; path = "../Pods/MediaPipeTasksVision/frameworks/MediaPipeTasksVision.xcframework/ios-arm64/MediaPipeTasksVision.framework/Headers/MPPDetection.h"; sourceTree = "<group>"; };
		380C3FE2C76EFB65EE85F67C /* MPPHolisticLandmarkerOptions.h */ = {isa = PBXFileReference; includeInIndex = 1; lastKnownFileType = sourcecode.c.h; name = MPPHolisticLandmarkerOptions.h; path = "../Pods/MediaPipeTasksVision/frameworks/MediaPipeTasksVision.xcframework/ios-arm64/MediaPipeTasksVision.framework/Headers/MPPHolisticLandmarkerOptions.h"; sourceTree = "<group>"; };
		39C6A77F082FCBE835006870 /* MPPObjectDetector.h */ = {isa = PBXFileReference; includeInIndex = 1; lastKnownFileType = sourcecode.c.h; name = MPPObjectDetector.h; path = "../Pods/MediaPipeTasksVision/frameworks/MediaPipeTasksVision.xcframework/ios-arm64/MediaPipeTasksVision.framework/Headers/MPPObjectDetector.h"; sourceTree = "<group>"; };
		39F59980FAC1F3F808470716 /* QuartzCore.framework */ = {isa = PBXFileReference; lastKnownFileType = wrapper.framework; name = QuartzCore.framework; path = System/Library/Frameworks/QuartzCore.framework; sourceTree = "<group>"; };
		3A6E61AE2DEFF9F913364E1C /* MPPFaceDetectorResult.h */ = {isa = PBXFileReference; includeInIndex = 1; lastKnownFileType = sourcecode.c.h; name = MPPFaceDetectorResult.h; path = "../Pods/MediaPipeTasksVision/frameworks/MediaPipeTasksVision.xcframework/ios-arm64/MediaPipeTasksVision.framework/Headers/MPPFaceDetectorResult.h"; sourceTree = "<group>"; };
		3BAFA387EC5BD0A43A0E6F8C /* MediaPipeTasksVision.h */ = {isa = PBXFileReference; includeInIndex = 1; lastKnownFileType = sourcecode.c.h; name = MediaPipeTasksVision.h; path = "../Pods/MediaPipeTasksVision/frameworks/MediaPipeTasksVision.xcframework/ios-arm64/MediaPipeTasksVision.framework/Headers/MediaPipeTasksVision.h"; sourceTree = "<group>"; };
		3F5684EBE0149790E8A74863 /* MPPConnection.h */ = {isa = PBXFileReference; includeInIndex = 1; lastKnownFileType = sourcecode.c.h; name = MPPConnection.h; path = "../Pods/MediaPipeTasksVision/frameworks/MediaPipeTasksVision.xcframework/ios-arm64/MediaPipeTasksVision.framework/Headers/MPPConnection.h"; sourceTree = "<group>"; };
		3F9F359F7835D987CF6F2940 /* MPPHandLandmarkerOptions.h */ = {isa = PBXFileReference; includeInIndex = 1; lastKnownFileType = sourcecode.c.h; name = MPPHandLandmarkerOptions.h; path = "../Pods/MediaPipeTasksVision/frameworks/MediaPipeTasksVision.xcframework/ios-arm64/MediaPipeTasksVision.framework/Headers/MPPHandLandmarkerOptions.h"; sourceTree = "<group>"; };
		4148D19C4C85623725CB95F2 /* MPPRunningMode.h */ = {isa = PBXFileReference; includeInIndex = 1; lastKnownFileType = sourcecode.c.h; name = MPPRunningMode.h; path = "../Pods/MediaPipeTasksVision/frameworks/MediaPipeTasksVision.xcframework/ios-arm64/MediaPipeTasksVision.framework/Headers/MPPRunningMode.h"; sourceTree = "<group>"; };
		42F0253C239E9AEDE4F5E7EF /* MPPBaseOptions.h */ = {isa = PBXFileReference; includeInIndex = 1; lastKnownFileType = sourcecode.c.h; name = MPPBaseOptions.h; path = "../Pods/MediaPipeTasksVision/frameworks/MediaPipeTasksVision.xcframework/ios-arm64/MediaPipeTasksVision.framework/Headers/MPPBaseOptions.h"; sourceTree = "<group>"; };
		430BE792DB37F83CF30434EA /* MPPImageClassifierResult.h */ = {isa = PBXFileReference; includeInIndex = 1; lastKnownFileType = sourcecode.c.h; name = MPPImageClassifierResult.h; path = "../Pods/MediaPipeTasksVision/frameworks/MediaPipeTasksVision.xcframework/ios-arm64/MediaPipeTasksVision.framework/Headers/MPPImageClassifierResult.h"; sourceTree = "<group>"; };
		474A86CED63C8977CC0B3D1E /* Security.framework */ = {isa = PBXFileReference; lastKnownFileType = wrapper.framework; name = Security.framework; path = System/Library/Frameworks/Security.framework; sourceTree = "<group>"; };
		5277686BD7C35B5D07F90B0D /* MPPTaskOptions.h */ = {isa = PBXFileReference; includeInIndex = 1; lastKnownFileType = sourcecode.c.h; name = MPPTaskOptions.h; path = "../Pods/MediaPipeTasksVision/frameworks/MediaPipeTasksVision.xcframework/ios-arm64/MediaPipeTasksVision.framework/Headers/MPPTaskOptions.h"; sourceTree = "<group>"; };
		53A8E9AB1627E862ED4E0B22 /* MPPEmbeddingResult.h */ = {isa = PBXFileReference; includeInIndex = 1; lastKnownFileType = sourcecode.c.h; name = MPPEmbeddingResult.h; path = "../Pods/MediaPipeTasksVision/frameworks/MediaPipeTasksVision.xcframework/ios-arm64/MediaPipeTasksVision.framework/Headers/MPPEmbeddingResult.h"; sourceTree = "<group>"; };
		55D836D1879764C1FB5F11DA /* MPPHandLandmarkerResult.h */ = {isa = PBXFileReference; includeInIndex = 1; lastKnownFileType = sourcecode.c.h; name = MPPHandLandmarkerResult.h; path = "../Pods/MediaPipeTasksVision/frameworks/MediaPipeTasksVision.xcframework/ios-arm64/MediaPipeTasksVision.framework/Headers/MPPHandLandmarkerResult.h"; sourceTree = "<group>"; };
		57D7203730566DFF1B624044 /* MPPImage.h */ = {isa = PBXFileReference; includeInIndex = 1; lastKnownFileType = sourcecode.c.h; name = MPPImage.h; path = "../Pods/MediaPipeTasksVision/frameworks/MediaPipeTasksVision.xcframework/ios-arm64/MediaPipeTasksVision.framework/Headers/MPPImage.h"; sourceTree = "<group>"; };
		59AE269B784B24BCC71ED206 /* MPPObjectDetectorResult.h */ = {isa = PBXFileReference; includeInIndex = 1; lastKnownFileType = sourcecode.c.h; name = MPPObjectDetectorResult.h; path = "../Pods/MediaPipeTasksVision/frameworks/MediaPipeTasksVision.xcframework/ios-arm64/MediaPipeTasksVision.framework/Headers/MPPObjectDetectorResult.h"; sourceTree = "<group>"; };
		606C313B92003FAE553F8D6E /* MPPCommon.h */ = {isa = PBXFileReference; includeInIndex = 1; lastKnownFileType = sourcecode.c.h; name = MPPCommon.h; path = "../Pods/MediaPipeTasksVision/frameworks/MediaPipeTasksVision.xcframework/ios-arm64/MediaPipeTasksVision.framework/Headers/MPPCommon.h"; sourceTree = "<group>"; };
		60F2EDF574B083D66B8219AD /* MPPFaceLandmarker.h */ = {isa = PBXFileReference; includeInIndex = 1; lastKnownFileType = sourcecode.c.h; name = MPPFaceLandmarker.h; path = "../Pods/MediaPipeTasksVision/frameworks/MediaPipeTasksVision.xcframework/ios-arm64/MediaPipeTasksVision.framework/Headers/MPPFaceLandmarker.h"; sourceTree = "<group>"; };
		644944AAA5DB194E6902B316 /* MPPGestureRecognizerResult.h */ = {isa = PBXFileReference; includeInIndex = 1; lastKnownFileType = sourcecode.c.h; name = MPPGestureRecognizerResult.h; path = "../Pods/MediaPipeTasksVision/frameworks/MediaPipeTasksVision.xcframework/ios-arm64/MediaPipeTasksVision.framework/Headers/MPPGestureRecognizerResult.h"; sourceTree = "<group>"; };
		6662C3FBCC963D551B0B1008 /* MPPFaceLandmarkerOptions.h */ = {isa = PBXFileReference; includeInIndex = 1; lastKnownFileType = sourcecode.c.h; name = MPPFaceLandmarkerOptions.h; path = "../Pods/MediaPipeTasksVision/frameworks/MediaPipeTasksVision.xcframework/ios-arm64/MediaPipeTasksVision.framework/Headers/MPPFaceLandmarkerOptions.h"; sourceTree = "<group>"; };
		6917849C728A37252F373612 /* MPPInteractiveSegmenterResult.h */ = {isa = PBXFileReference; includeInIndex = 1; lastKnownFileType = sourcecode.c.h; name = MPPInteractiveSegmenterResult.h; path = "../Pods/MediaPipeTasksVision/frameworks/MediaPipeTasksVision.xcframework/ios-arm64/MediaPipeTasksVision.framework/Headers/MPPInteractiveSegmenterResult.h"; sourceTree = "<group>"; };
		6D2368CCE592C9EF9B0EAFB5 /* MPPRegionOfInterest.h */ = {isa = PBXFileReference; includeInIndex = 1; lastKnownFileType = sourcecode.c.h; name = MPPRegionOfInterest.h; path = "../Pods/MediaPipeTasksVision/frameworks/MediaPipeTasksVision.xcframework/ios-arm64/MediaPipeTasksVision.framework/Headers/MPPRegionOfInterest.h"; sourceTree = "<group>"; };
		6D4C0BCD6828CFD5B97C2947 /* ImageIO.framework */ = {isa = PBXFileReference; lastKnownFileType = wrapper.framework; name = ImageIO.framework; path = System/Library/Frameworks/ImageIO.framework; sourceTree = "<group>"; };
		7225D63B5A19D95C821653B9 /* MPPPoseLandmarkerResult.h */ = {isa = PBXFileReference; includeInIndex = 1; lastKnownFileType = sourcecode.c.h; name = MPPPoseLandmarkerResult.h; path = "../Pods/MediaPipeTasksVision/frameworks/MediaPipeTasksVision.xcframework/ios-arm64/MediaPipeTasksVision.framework/Headers/MPPPoseLandmarkerResult.h"; sourceTree = "<group>"; };
		781C37094AB80548B2EBC905 /* MPPClassifierOptions.h */ = {isa = PBXFileReference; includeInIndex = 1; lastKnownFileType = sourcecode.c.h; name = MPPClassifierOptions.h; path = "../Pods/MediaPipeTasksVision/frameworks/MediaPipeTasksVision.xcframework/ios-arm64/MediaPipeTasksVision.framework/Headers/MPPClassifierOptions.h"; sourceTree = "<group>"; };
		7B85FDB5A8A9C8CCD7C9011C /* MPPFaceDetectorOptions.h */ = {isa = PBXFileReference; includeInIndex = 1; lastKnownFileType = sourcecode.c.h; name = MPPFaceDetectorOptions.h; path = "../Pods/MediaPipeTasksVision/frameworks/MediaPipeTasksVision.xcframework/ios-arm64/MediaPipeTasksVision.framework/Headers/MPPFaceDetectorOptions.h"; sourceTree = "<group>"; };
		831D3A10AE13BB051CDA99B4 /* MPPFaceDetector.h */ = {isa = PBXFileReference; includeInIndex = 1; lastKnownFileType = sourcecode.c.h; name = MPPFaceDetector.h; path = "../Pods/MediaPipeTasksVision/frameworks/MediaPipeTasksVision.xcframework/ios-arm64/MediaPipeTasksVision.framework/Headers/MPPFaceDetector.h"; sourceTree = "<group>"; };
		84FBCE9A01B72E170B9D86A5 /* MPPPoseLandmarkerOptions.h */ = {isa = PBXFileReference; includeInIndex = 1; lastKnownFileType = sourcecode.c.h; name = MPPPoseLandmarkerOptions.h; path = "../Pods/MediaPipeTasksVision/frameworks/MediaPipeTasksVision.xcframework/ios-arm64/MediaPipeTasksVision.framework/Headers/MPPPoseLandmarkerOptions.h"; sourceTree = "<group>"; };
		853F285B87F42A274E4D9984 /* MPPImageSegmenterOptions.h */ = {isa = PBXFileReference; includeInIndex = 1; lastKnownFileType = sourcecode.c.h; name = MPPImageSegmenterOptions.h; path = "../Pods/MediaPipeTasksVision/frameworks/MediaPipeTasksVision.xcframework/ios-arm64/MediaPipeTasksVision.framework/Headers/MPPImageSegmenterOptions.h"; sourceTree = "<group>"; };
		86DA806F41CDCC7DE2251CEF /* MPPCategory.h */ = {isa = PBXFileReference; includeInIndex = 1; lastKnownFileType = sourcecode.c.h; name = MPPCategory.h; path = "../Pods/MediaPipeTasksVision/frameworks/MediaPipeTasksVision.xcframework/ios-arm64/MediaPipeTasksVision.framework/Headers/MPPCategory.h"; sourceTree = "<group>"; };
		94987F72CCA8EC47A843CF44 /* MPPEmbedding.h */ = {isa = PBXFileReference; includeInIndex = 1; lastKnownFileType = sourcecode.c.h; name = MPPEmbedding.h; path = "../Pods/MediaPipeTasksVision/frameworks/MediaPipeTasksVision.xcframework/ios-arm64/MediaPipeTasksVision.framework/Headers/MPPEmbedding.h"; sourceTree = "<group>"; };
		94ABAE5372915E570B6EEB1A /* MPPImageClassifierOptions.h */ = {isa = PBXFileReference; includeInIndex = 1; lastKnownFileType = sourcecode.c.h; name = MPPImageClassifierOptions.h; path = "../Pods/MediaPipeTasksVision/frameworks/MediaPipeTasksVision.xcframework/ios-arm64/MediaPipeTasksVision.framework/Headers/MPPImageClassifierOptions.h"; sourceTree = "<group>"; };
		94C3F000B9B198C43CE4144B /* Foundation.framework */ = {isa = PBXFileReference; lastKnownFileType = wrapper.framework; name = Foundation.framework; path = System/Library/Frameworks/Foundation.framework; sourceTree = "<group>"; };
		95700F181A0FB8ABB108D038 /* MPPImageEmbedderResult.h */ = {isa = PBXFileReference; includeInIndex = 1; lastKnownFileType = sourcecode.c.h; name = MPPImageEmbedderResult.h; path = "../Pods/MediaPipeTasksVision/frameworks/MediaPipeTasksVision.xcframework/ios-arm64/MediaPipeTasksVision.framework/Headers/MPPImageEmbedderResult.h"; sourceTree = "<group>"; };
		9AC378C8D0DB85E0910CE58B /* Foundation.framework */ = {isa = PBXFileReference; lastKnownFileType = wrapper.framework; name = Foundation.framework; path = Platforms/iPhoneOS.platform/Developer/SDKs/iPhoneOS26.0.sdk/System/Library/Frameworks/Foundation.framework; sourceTree = DEVELOPER_DIR; };
		9AE3E8B4D990315599A2E9E1 /* MPPImageClassifier.h */ = {isa = PBXFileReference; includeInIndex = 1; lastKnownFileType = sourcecode.c.h; name = MPPImageClassifier.h; path = "../Pods/MediaPipeTasksVision/frameworks/MediaPipeTasksVision.xcframework/ios-arm64/MediaPipeTasksVision.framework/Headers/MPPImageClassifier.h"; sourceTree = "<group>"; };
		9EC990768BE9B6A5D19C4C2E /* MetalKit.framework */ = {isa = PBXFileReference; lastKnownFileType = wrapper.framework; name = MetalKit.framework; path = System/Library/Frameworks/MetalKit.framework; sourceTree = "<group>"; };
		A11509590D9FADF22453693A /* Metal.framework */ = {isa = PBXFileReference; lastKnownFileType = wrapper.framework; name = Metal.framework; path = System/Library/Frameworks/Metal.framework; sourceTree = "<group>"; };
		A528C9E86DECB3C0967954F8 /* MPPMask.h */ = {isa = PBXFileReference; includeInIndex = 1; lastKnownFileType = sourcecode.c.h; name = MPPMask.h; path = "../Pods/MediaPipeTasksVision/frameworks/MediaPipeTasksVision.xcframework/ios-arm64/MediaPipeTasksVision.framework/Headers/MPPMask.h"; sourceTree = "<group>"; };
		A6995E2D04320CE7E272C1EA /* UIKit.framework */ = {isa = PBXFileReference; lastKnownFileType = wrapper.framework; name = UIKit.framework; path = System/Library/Frameworks/UIKit.framework; sourceTree = "<group>"; };
		AFAB15B172DC176EA1E5F2D3 /* MPPPoseLandmarker.h */ = {isa = PBXFileReference; includeInIndex = 1; lastKnownFileType = sourcecode.c.h; name = MPPPoseLandmarker.h; path = "../Pods/MediaPipeTasksVision/frameworks/MediaPipeTasksVision.xcframework/ios-arm64/MediaPipeTasksVision.framework/Headers/MPPPoseLandmarker.h"; sourceTree = "<group>"; };
		B09FFA73E2E55307C566D930 /* Accelerate.framework */ = {isa = PBXFileReference; lastKnownFileType = wrapper.framework; name = Accelerate.framework; path = System/Library/Frameworks/Accelerate.framework; sourceTree = "<group>"; };
		B223F31D0F0499CEFAA68445 /* MPPForceLink.mm */ = {isa = PBXFileReference; includeInIndex = 1; name = MPPForceLink.mm; path = MediaPipeTasksVision/MPPForceLink.mm; sourceTree = "<group>"; };
		B22C17620605C0516C354D51 /* MediaPipeTasksVision.framework */ = {isa = PBXFileReference; explicitFileType = wrapper.framework; includeInIndex = 0; path = MediaPipeTasksVision.framework; sourceTree = BUILT_PRODUCTS_DIR; };
		BAB3ED15F77E56EB5386F4B2 /* CoreVideo.framework */ = {isa = PBXFileReference; lastKnownFileType = wrapper.framework; name = CoreVideo.framework; path = System/Library/Frameworks/CoreVideo.framework; sourceTree = "<group>"; };
		C2EC91B7888842578444FC35 /* MPPGestureRecognizer.h */ = {isa = PBXFileReference; includeInIndex = 1; lastKnownFileType = sourcecode.c.h; name = MPPGestureRecognizer.h; path = "../Pods/MediaPipeTasksVision/frameworks/MediaPipeTasksVision.xcframework/ios-arm64/MediaPipeTasksVision.framework/Headers/MPPGestureRecognizer.h"; sourceTree = "<group>"; };
		C61DF44E041AAD124B83988F /* MPPTaskResult.h */ = {isa = PBXFileReference; includeInIndex = 1; lastKnownFileType = sourcecode.c.h; name = MPPTaskResult.h; path = "../Pods/MediaPipeTasksVision/frameworks/MediaPipeTasksVision.xcframework/ios-arm64/MediaPipeTasksVision.framework/Headers/MPPTaskResult.h"; sourceTree = "<group>"; };
		C793AE3EEEB3CC5D37940C3D /* CoreGraphics.framework */ = {isa = PBXFileReference; lastKnownFileType = wrapper.framework; name = CoreGraphics.framework; path = System/Library/Frameworks/CoreGraphics.framework; sourceTree = "<group>"; };
		D3A9D2ACA54D204F0FABC4C3 /* MPPLandmark.h */ = {isa = PBXFileReference; includeInIndex = 1; lastKnownFileType = sourcecode.c.h; name = MPPLandmark.h; path = "../Pods/MediaPipeTasksVision/frameworks/MediaPipeTasksVision.xcframework/ios-arm64/MediaPipeTasksVision.framework/Headers/MPPLandmark.h"; sourceTree = "<group>"; };
		D92C3E1A98DE70412FB7C899 /* MPPInteractiveSegmenterOptions.h */ = {isa = PBXFileReference; includeInIndex = 1; lastKnownFileType = sourcecode.c.h; name = MPPInteractiveSegmenterOptions.h; path = "../Pods/MediaPipeTasksVision/frameworks/MediaPipeTasksVision.xcframework/ios-arm64/MediaPipeTasksVision.framework/Headers/MPPInteractiveSegmenterOptions.h"; sourceTree = "<group>"; };
		DE2F3E36791C50CE6E87EACC /* CoreMedia.framework */ = {isa = PBXFileReference; lastKnownFileType = wrapper.framework; name = CoreMedia.framework; path = System/Library/Frameworks/CoreMedia.framework; sourceTree = "<group>"; };
		DF768F85ADA4BA9C4C2788FB /* OpenGLES.framework */ = {isa = PBXFileReference; lastKnownFileType = wrapper.framework; name = OpenGLES.framework; path = System/Library/Frameworks/OpenGLES.framework; sourceTree = "<group>"; };
		E0797B140084C7F09428D4FE /* CoreImage.framework */ = {isa = PBXFileReference; lastKnownFileType = wrapper.framework; name = CoreImage.framework; path = System/Library/Frameworks/CoreImage.framework; sourceTree = "<group>"; };
		E60F740905C0DA406D2648D2 /* MPPHolisticLandmarker.h */ = {isa = PBXFileReference; includeInIndex = 1; lastKnownFileType = sourcecode.c.h; name = MPPHolisticLandmarker.h; path = "../Pods/MediaPipeTasksVision/frameworks/MediaPipeTasksVision.xcframework/ios-arm64/MediaPipeTasksVision.framework/Headers/MPPHolisticLandmarker.h"; sourceTree = "<group>"; };
		E8BFAD7B09D7004C57E3C83B /* MPPHolisticLandmarkerResult.h */ = {isa = PBXFileReference; includeInIndex = 1; lastKnownFileType = sourcecode.c.h; name = MPPHolisticLandmarkerResult.h; path = "../Pods/MediaPipeTasksVision/frameworks/MediaPipeTasksVision.xcframework/ios-arm64/MediaPipeTasksVision.framework/Headers/MPPHolisticLandmarkerResult.h"; sourceTree = "<group>"; };
		E99D80AD1E9360027AF38364 /* MPPHandLandmarker.h */ = {isa = PBXFileReference; includeInIndex = 1; lastKnownFileType = sourcecode.c.h; name = MPPHandLandmarker.h; path = "../Pods/MediaPipeTasksVision/frameworks/MediaPipeTasksVision.xcframework/ios-arm64/MediaPipeTasksVision.framework/Headers/MPPHandLandmarker.h"; sourceTree = "<group>"; };
		E9D2307615D88FF864B2404A /* MPPInteractiveSegmenter.h */ = {isa = PBXFileReference; includeInIndex = 1; lastKnownFileType = sourcecode.c.h; name = MPPInteractiveSegmenter.h; path = "../Pods/MediaPipeTasksVision/frameworks/MediaPipeTasksVision.xcframework/ios-arm64/MediaPipeTasksVision.framework/Headers/MPPInteractiveSegmenter.h"; sourceTree = "<group>"; };
		EACD4A96D9FEA5D209EDCA45 /* MPPObjectDetectorOptions.h */ = {isa = PBXFileReference; includeInIndex = 1; lastKnownFileType = sourcecode.c.h; name = MPPObjectDetectorOptions.h; path = "../Pods/MediaPipeTasksVision/frameworks/MediaPipeTasksVision.xcframework/ios-arm64/MediaPipeTasksVision.framework/Headers/MPPObjectDetectorOptions.h"; sourceTree = "<group>"; };
		FA4B14AE8830A4AE980F98C3 /* MPPGestureRecognizerOptions.h */ = {isa = PBXFileReference; includeInIndex = 1; lastKnownFileType = sourcecode.c.h; name = MPPGestureRecognizerOptions.h; path = "../Pods/MediaPipeTasksVision/frameworks/MediaPipeTasksVision.xcframework/ios-arm64/MediaPipeTasksVision.framework/Headers/MPPGestureRecognizerOptions.h"; sourceTree = "<group>"; };
		FD04216B370F8FA84729F2CB /* MPPFaceLandmarkerResult.h */ = {isa = PBXFileReference; includeInIndex = 1; lastKnownFileType = sourcecode.c.h; name = MPPFaceLandmarkerResult.h; path = "../Pods/MediaPipeTasksVision/frameworks/MediaPipeTasksVision.xcframework/ios-arm64/MediaPipeTasksVision.framework/Headers/MPPFaceLandmarkerResult.h"; sourceTree = "<group>"; };
/* End PBXFileReference section */

/* Begin PBXFrameworksBuildPhase section */
		92C432D7B7A0F18D13D3E5C4 /* Frameworks */ = {
			isa = PBXFrameworksBuildPhase;
			buildActionMask = 2147483647;
			files = (
				9EC19F5D9C7B731A9DE51999 /* Foundation.framework in Frameworks */,
				528D7517D4B76ABDE3DD9E6A /* AVFoundation.framework in Frameworks */,
				AA6F673DCC8A3A8AE3D678D4 /* Accelerate.framework in Frameworks */,
				65949A67970D27D49D475FF4 /* CoreGraphics.framework in Frameworks */,
				8AD3710CC88DF9CFCC653B91 /* CoreImage.framework in Frameworks */,
				C8A74C8EA4E7D226E12AC3F8 /* CoreMedia.framework in Frameworks */,
				075B4937FA7590E0D7EE7D98 /* CoreVideo.framework in Frameworks */,
				2F763681B0C1E188A3E72674 /* Foundation.framework in Frameworks */,
				0290F965D6B0994D636B348C /* ImageIO.framework in Frameworks */,
				89516A81AC20EF8DADF632CF /* Metal.framework in Frameworks */,
				4AE36D026DD1D6CE6D18D10D /* MetalKit.framework in Frameworks */,
				C9A81AFD92EAE821139A4C48 /* OpenGLES.framework in Frameworks */,
				3F2880858D449A9DF0F2C1AB /* QuartzCore.framework in Frameworks */,
				AB88ECAC20BAC929E44E5A18 /* Security.framework in Frameworks */,
				CAFF05D5800948B56B0245D0 /* UIKit.framework in Frameworks */,
			);
			runOnlyForDeploymentPostprocessing = 0;
		};
/* End PBXFrameworksBuildPhase section */

/* Begin PBXGroup section */
		152E385C8BFCA0C33BD78831 = {
			isa = PBXGroup;
			children = (
				34D037E0EB5D92716C615F35 /* Products */,
				503017CF87CCF8278A250259 /* Frameworks */,
				B223F31D0F0499CEFAA68445 /* MPPForceLink.mm */,
				0DBB01EC1955A8F7E6350F83 /* MediaPipeTasksVision.h */,
				42F0253C239E9AEDE4F5E7EF /* MPPBaseOptions.h */,
				86DA806F41CDCC7DE2251CEF /* MPPCategory.h */,
				1F52815B546B42DFEB272DD4 /* MPPClassificationResult.h */,
				781C37094AB80548B2EBC905 /* MPPClassifierOptions.h */,
				606C313B92003FAE553F8D6E /* MPPCommon.h */,
				3F5684EBE0149790E8A74863 /* MPPConnection.h */,
				339662C5357435C85FB56546 /* MPPDetection.h */,
				94987F72CCA8EC47A843CF44 /* MPPEmbedding.h */,
				53A8E9AB1627E862ED4E0B22 /* MPPEmbeddingResult.h */,
				831D3A10AE13BB051CDA99B4 /* MPPFaceDetector.h */,
				7B85FDB5A8A9C8CCD7C9011C /* MPPFaceDetectorOptions.h */,
				3A6E61AE2DEFF9F913364E1C /* MPPFaceDetectorResult.h */,
				60F2EDF574B083D66B8219AD /* MPPFaceLandmarker.h */,
				6662C3FBCC963D551B0B1008 /* MPPFaceLandmarkerOptions.h */,
				FD04216B370F8FA84729F2CB /* MPPFaceLandmarkerResult.h */,
				C2EC91B7888842578444FC35 /* MPPGestureRecognizer.h */,
				FA4B14AE8830A4AE980F98C3 /* MPPGestureRecognizerOptions.h */,
				644944AAA5DB194E6902B316 /* MPPGestureRecognizerResult.h */,
				E99D80AD1E9360027AF38364 /* MPPHandLandmarker.h */,
				3F9F359F7835D987CF6F2940 /* MPPHandLandmarkerOptions.h */,
				55D836D1879764C1FB5F11DA /* MPPHandLandmarkerResult.h */,
				E60F740905C0DA406D2648D2 /* MPPHolisticLandmarker.h */,
				380C3FE2C76EFB65EE85F67C /* MPPHolisticLandmarkerOptions.h */,
				E8BFAD7B09D7004C57E3C83B /* MPPHolisticLandmarkerResult.h */,
				57D7203730566DFF1B624044 /* MPPImage.h */,
				9AE3E8B4D990315599A2E9E1 /* MPPImageClassifier.h */,
				94ABAE5372915E570B6EEB1A /* MPPImageClassifierOptions.h */,
				430BE792DB37F83CF30434EA /* MPPImageClassifierResult.h */,
				221AEECFDD650B4F4B39998C /* MPPImageEmbedder.h */,
				1B152CA23449A7EDA6A5F798 /* MPPImageEmbedderOptions.h */,
				95700F181A0FB8ABB108D038 /* MPPImageEmbedderResult.h */,
				132910B895779586F883928E /* MPPImageSegmenter.h */,
				853F285B87F42A274E4D9984 /* MPPImageSegmenterOptions.h */,
				091E74AA98B8DB303669BCE9 /* MPPImageSegmenterResult.h */,
				E9D2307615D88FF864B2404A /* MPPInteractiveSegmenter.h */,
				D92C3E1A98DE70412FB7C899 /* MPPInteractiveSegmenterOptions.h */,
				6917849C728A37252F373612 /* MPPInteractiveSegmenterResult.h */,
				D3A9D2ACA54D204F0FABC4C3 /* MPPLandmark.h */,
				A528C9E86DECB3C0967954F8 /* MPPMask.h */,
				39C6A77F082FCBE835006870 /* MPPObjectDetector.h */,
				EACD4A96D9FEA5D209EDCA45 /* MPPObjectDetectorOptions.h */,
				59AE269B784B24BCC71ED206 /* MPPObjectDetectorResult.h */,
				AFAB15B172DC176EA1E5F2D3 /* MPPPoseLandmarker.h */,
				84FBCE9A01B72E170B9D86A5 /* MPPPoseLandmarkerOptions.h */,
				7225D63B5A19D95C821653B9 /* MPPPoseLandmarkerResult.h */,
				6D2368CCE592C9EF9B0EAFB5 /* MPPRegionOfInterest.h */,
				4148D19C4C85623725CB95F2 /* MPPRunningMode.h */,
				5277686BD7C35B5D07F90B0D /* MPPTaskOptions.h */,
				C61DF44E041AAD124B83988F /* MPPTaskResult.h */,
				3BAFA387EC5BD0A43A0E6F8C /* MediaPipeTasksVision.h */,
			);
			sourceTree = "<group>";
		};
		34D037E0EB5D92716C615F35 /* Products */ = {
			isa = PBXGroup;
			children = (
				B22C17620605C0516C354D51 /* MediaPipeTasksVision.framework */,
			);
			name = Products;
			sourceTree = "<group>";
		};
		503017CF87CCF8278A250259 /* Frameworks */ = {
			isa = PBXGroup;
			children = (
				CDF9AEECE5D93D6D80974CA6 /* iOS */,
				22D044E282207B64BBE4FD14 /* AVFoundation.framework */,
				B09FFA73E2E55307C566D930 /* Accelerate.framework */,
				C793AE3EEEB3CC5D37940C3D /* CoreGraphics.framework */,
				E0797B140084C7F09428D4FE /* CoreImage.framework */,
				DE2F3E36791C50CE6E87EACC /* CoreMedia.framework */,
				BAB3ED15F77E56EB5386F4B2 /* CoreVideo.framework */,
				94C3F000B9B198C43CE4144B /* Foundation.framework */,
				6D4C0BCD6828CFD5B97C2947 /* ImageIO.framework */,
				A11509590D9FADF22453693A /* Metal.framework */,
				9EC990768BE9B6A5D19C4C2E /* MetalKit.framework */,
				DF768F85ADA4BA9C4C2788FB /* OpenGLES.framework */,
				39F59980FAC1F3F808470716 /* QuartzCore.framework */,
				474A86CED63C8977CC0B3D1E /* Security.framework */,
				A6995E2D04320CE7E272C1EA /* UIKit.framework */,
			);
			name = Frameworks;
			sourceTree = "<group>";
		};
		CDF9AEECE5D93D6D80974CA6 /* iOS */ = {
			isa = PBXGroup;
			children = (
				9AC378C8D0DB85E0910CE58B /* Foundation.framework */,
			);
			name = iOS;
			sourceTree = "<group>";
		};
/* End PBXGroup section */

/* Begin PBXHeadersBuildPhase section */
		4570E6175596298670B739BD /* Headers */ = {
			isa = PBXHeadersBuildPhase;
			buildActionMask = 2147483647;
			files = (
				AD9A64796F2C73C75D5B818B /* MediaPipeTasksVision.h in Headers */,
				FE9A7EF9EF0813F45B370F40 /* MPPBaseOptions.h in Headers */,
				7C803C4D7878E49EB8CA2977 /* MPPCategory.h in Headers */,
				1D7F731322067663451657FF /* MPPClassificationResult.h in Headers */,
				BC525BDB3582523A285006EC /* MPPClassifierOptions.h in Headers */,
				7D692932CCA88312CD593069 /* MPPCommon.h in Headers */,
				34542886B150C8770AD60462 /* MPPConnection.h in Headers */,
				3B3716F48F35BD8B0CEFD310 /* MPPDetection.h in Headers */,
				4D88255D7F037E3B81940B0C /* MPPEmbedding.h in Headers */,
				0FA66A0EDF3FEDCB96756E23 /* MPPEmbeddingResult.h in Headers */,
				97DB40ADB2A20E4CEDF0FDD8 /* MPPFaceDetector.h in Headers */,
				2BE4662EECB0115090484521 /* MPPFaceDetectorOptions.h in Headers */,
				FCC358BC44922D6995FE95FC /* MPPFaceDetectorResult.h in Headers */,
				0B24E5A67C8BDC9FED22593E /* MPPFaceLandmarker.h in Headers */,
				E70AF8DAB754C9966E8782C5 /* MPPFaceLandmarkerOptions.h in Headers */,
				88FE9BC853064AD64DC71383 /* MPPFaceLandmarkerResult.h in Headers */,
				C497FBC002760C79E2540B7C /* MPPGestureRecognizer.h in Headers */,
				B59DA68E653A41EC7AADD186 /* MPPGestureRecognizerOptions.h in Headers */,
				BC09BAFD06019EF1FBF4C5B6 /* MPPGestureRecognizerResult.h in Headers */,
				7E3EBF11F62CDD5FE55E8515 /* MPPHandLandmarker.h in Headers */,
				91F93EC10AC7AE57164425FF /* MPPHandLandmarkerOptions.h in Headers */,
				C5F4D420A882C621B3C2A287 /* MPPHandLandmarkerResult.h in Headers */,
				330DF642E02A2D57E8EE13E6 /* MPPHolisticLandmarker.h in Headers */,
				4B8890904E08A28FA58245F3 /* MPPHolisticLandmarkerOptions.h in Headers */,
				252424E860DC303EF6931CC3 /* MPPHolisticLandmarkerResult.h in Headers */,
				BE78687184CC743DA065B7AC /* MPPImage.h in Headers */,
				ADAD501BF417E3E0C64EE09D /* MPPImageClassifier.h in Headers */,
				D721A19271B067C48915E71B /* MPPImageClassifierOptions.h in Headers */,
				FB54395041A165895A871044 /* MPPImageClassifierResult.h in Headers */,
				E8CFD96A9493280DFEF3DC40 /* MPPImageEmbedder.h in Headers */,
				C5C13869D5F51AEE0275C002 /* MPPImageEmbedderOptions.h in Headers */,
				E46C139D8215A39CF81D2509 /* MPPImageEmbedderResult.h in Headers */,
				3D6BBDA9C7D7D8CED848D947 /* MPPImageSegmenter.h in Headers */,
				F9DE72C2E276A98CECC84E87 /* MPPImageSegmenterOptions.h in Headers */,
				1CEA0D0CC41B2697AFE3A959 /* MPPImageSegmenterResult.h in Headers */,
				6BEB8B0CBA17F211B4A140BC /* MPPInteractiveSegmenter.h in Headers */,
				546554C2CAD71EF210D79069 /* MPPInteractiveSegmenterOptions.h in Headers */,
				72C18B99F94DBD0A96E86497 /* MPPInteractiveSegmenterResult.h in Headers */,
				631DEC732AAD64F5548F8A6A /* MPPLandmark.h in Headers */,
				72FBCD2CAA26013CCEC799C8 /* MPPMask.h in Headers */,
				9A114FB6688D93364B3D4363 /* MPPObjectDetector.h in Headers */,
				1A1FB7B8B7C54B48A2E4418B /* MPPObjectDetectorOptions.h in Headers */,
				0777A3ED317954C7D533B8E8 /* MPPObjectDetectorResult.h in Headers */,
				35574A7F6B4965AADE439756 /* MPPPoseLandmarker.h in Headers */,
				01D0083E79E538EF57C6A71A /* MPPPoseLandmarkerOptions.h in Headers */,
				D63752B8B11B13B657721EA1 /* MPPPoseLandmarkerResult.h in Headers */,
				B2697ED1B4DEB0A52C380766 /* MPPRegionOfInterest.h in Headers */,
				15F2700F21B881F81D9ABE9C /* MPPRunningMode.h in Headers */,
				CDE3187C93FB344BA1C98354 /* MPPTaskOptions.h in Headers */,
				19151193F7117292EED8F52D /* MPPTaskResult.h in Headers */,
				59D39C589C7D4D7A8E9FB570 /* MediaPipeTasksVision.h in Headers */,
			);
			runOnlyForDeploymentPostprocessing = 0;
		};
/* End PBXHeadersBuildPhase section */

/* Begin PBXNativeTarget section */
		A23B54F36CEF095D8FC7EB75 /* MediaPipeTasksVision */ = {
			isa = PBXNativeTarget;
			buildConfigurationList = A1631644B5E594F6875038B8 /* Build configuration list for PBXNativeTarget "MediaPipeTasksVision" */;
			buildPhases = (
				4570E6175596298670B739BD /* Headers */,
				F6D53DC251BA556BFEB69414 /* Sources */,
				92C432D7B7A0F18D13D3E5C4 /* Frameworks */,
				96C7E6115A08B8E8B75CC513 /* Resources */,
			);
			buildRules = (
			);
			dependencies = (
			);
			name = MediaPipeTasksVision;
			productName = MediaPipeTasksVision;
			productReference = B22C17620605C0516C354D51 /* MediaPipeTasksVision.framework */;
			productType = "com.apple.product-type.framework";
		};
/* End PBXNativeTarget section */

/* Begin PBXProject section */
		0AB129C94C423EC8D0DBF582 /* Project object */ = {
			isa = PBXProject;
			attributes = {
				LastSwiftUpdateCheck = 1600;
				LastUpgradeCheck = 1600;
			};
			buildConfigurationList = CD68DC48E518D32BAB7EE7B2 /* Build configuration list for PBXProject "MediaPipeTasksVisionWrapper" */;
			compatibilityVersion = "Xcode 3.2";
			developmentRegion = en;
			hasScannedForEncodings = 0;
			knownRegions = (
				en,
				Base,
			);
			mainGroup = 152E385C8BFCA0C33BD78831;
			minimizedProjectReferenceProxies = 0;
			preferredProjectObjectVersion = 100;
			productRefGroup = 34D037E0EB5D92716C615F35 /* Products */;
			projectDirPath = "";
			projectRoot = "";
			targets = (
				A23B54F36CEF095D8FC7EB75 /* MediaPipeTasksVision */,
			);
		};
/* End PBXProject section */

/* Begin PBXResourcesBuildPhase section */
		96C7E6115A08B8E8B75CC513 /* Resources */ = {
			isa = PBXResourcesBuildPhase;
			buildActionMask = 2147483647;
			files = (
			);
			runOnlyForDeploymentPostprocessing = 0;
		};
/* End PBXResourcesBuildPhase section */

/* Begin PBXSourcesBuildPhase section */
		F6D53DC251BA556BFEB69414 /* Sources */ = {
			isa = PBXSourcesBuildPhase;
			buildActionMask = 2147483647;
			files = (
				6DE81510312289F47E5426D3 /* MPPForceLink.mm in Sources */,
			);
			runOnlyForDeploymentPostprocessing = 0;
		};
/* End PBXSourcesBuildPhase section */

/* Begin XCBuildConfiguration section */
		526E66675AD250758CC8C43B /* Debug */ = {
			isa = XCBuildConfiguration;
			buildSettings = {
				ALWAYS_SEARCH_USER_PATHS = NO;
				CLANG_ANALYZER_NONNULL = YES;
				CLANG_ANALYZER_NUMBER_OBJECT_CONVERSION = YES_AGGRESSIVE;
				CLANG_CXX_LANGUAGE_STANDARD = "gnu++14";
				CLANG_CXX_LIBRARY = "libc++";
				CLANG_ENABLE_MODULES = YES;
				CLANG_ENABLE_OBJC_ARC = YES;
				CLANG_ENABLE_OBJC_WEAK = YES;
				CLANG_WARN_BLOCK_CAPTURE_AUTORELEASING = YES;
				CLANG_WARN_BOOL_CONVERSION = YES;
				CLANG_WARN_COMMA = YES;
				CLANG_WARN_CONSTANT_CONVERSION = YES;
				CLANG_WARN_DEPRECATED_OBJC_IMPLEMENTATIONS = YES;
				CLANG_WARN_DIRECT_OBJC_ISA_USAGE = YES_ERROR;
				CLANG_WARN_DOCUMENTATION_COMMENTS = YES;
				CLANG_WARN_EMPTY_BODY = YES;
				CLANG_WARN_ENUM_CONVERSION = YES;
				CLANG_WARN_INFINITE_RECURSION = YES;
				CLANG_WARN_INT_CONVERSION = YES;
				CLANG_WARN_NON_LITERAL_NULL_CONVERSION = YES;
				CLANG_WARN_OBJC_IMPLICIT_RETAIN_SELF = YES;
				CLANG_WARN_OBJC_LITERAL_CONVERSION = YES;
				CLANG_WARN_OBJC_ROOT_CLASS = YES_ERROR;
				CLANG_WARN_QUOTED_INCLUDE_IN_FRAMEWORK_HEADER = YES;
				CLANG_WARN_RANGE_LOOP_ANALYSIS = YES;
				CLANG_WARN_STRICT_PROTOTYPES = YES;
				CLANG_WARN_SUSPICIOUS_MOVE = YES;
				CLANG_WARN_UNGUARDED_AVAILABILITY = YES_AGGRESSIVE;
				CLANG_WARN_UNREACHABLE_CODE = YES;
				CLANG_WARN__DUPLICATE_METHOD_MATCH = YES;
				COPY_PHASE_STRIP = NO;
				DEBUG_INFORMATION_FORMAT = dwarf;
				ENABLE_STRICT_OBJC_MSGSEND = YES;
				ENABLE_TESTABILITY = YES;
				GCC_C_LANGUAGE_STANDARD = gnu11;
				GCC_DYNAMIC_NO_PIC = NO;
				GCC_NO_COMMON_BLOCKS = YES;
				GCC_OPTIMIZATION_LEVEL = 0;
				GCC_PREPROCESSOR_DEFINITIONS = (
					"DEBUG=1",
					"$(inherited)",
				);
				GCC_WARN_64_TO_32_BIT_CONVERSION = YES;
				GCC_WARN_ABOUT_RETURN_TYPE = YES_ERROR;
				GCC_WARN_UNDECLARED_SELECTOR = YES;
				GCC_WARN_UNINITIALIZED_AUTOS = YES_AGGRESSIVE;
				GCC_WARN_UNUSED_FUNCTION = YES;
				GCC_WARN_UNUSED_VARIABLE = YES;
				MTL_ENABLE_DEBUG_INFO = INCLUDE_SOURCE;
				MTL_FAST_MATH = YES;
				ONLY_ACTIVE_ARCH = YES;
				PRODUCT_NAME = "$(TARGET_NAME)";
				SWIFT_ACTIVE_COMPILATION_CONDITIONS = DEBUG;
				SWIFT_OPTIMIZATION_LEVEL = "-Onone";
				SWIFT_VERSION = 5.0;
			};
			name = Debug;
		};
		ADA716B9F37AB42FBE34BAD4 /* Release */ = {
			isa = XCBuildConfiguration;
			buildSettings = {
				ALWAYS_SEARCH_USER_PATHS = NO;
				CLANG_ANALYZER_NONNULL = YES;
				CLANG_ANALYZER_NUMBER_OBJECT_CONVERSION = YES_AGGRESSIVE;
				CLANG_CXX_LANGUAGE_STANDARD = "gnu++14";
				CLANG_CXX_LIBRARY = "libc++";
				CLANG_ENABLE_MODULES = YES;
				CLANG_ENABLE_OBJC_ARC = YES;
				CLANG_ENABLE_OBJC_WEAK = YES;
				CLANG_WARN_BLOCK_CAPTURE_AUTORELEASING = YES;
				CLANG_WARN_BOOL_CONVERSION = YES;
				CLANG_WARN_COMMA = YES;
				CLANG_WARN_CONSTANT_CONVERSION = YES;
				CLANG_WARN_DEPRECATED_OBJC_IMPLEMENTATIONS = YES;
				CLANG_WARN_DIRECT_OBJC_ISA_USAGE = YES_ERROR;
				CLANG_WARN_DOCUMENTATION_COMMENTS = YES;
				CLANG_WARN_EMPTY_BODY = YES;
				CLANG_WARN_ENUM_CONVERSION = YES;
				CLANG_WARN_INFINITE_RECURSION = YES;
				CLANG_WARN_INT_CONVERSION = YES;
				CLANG_WARN_NON_LITERAL_NULL_CONVERSION = YES;
				CLANG_WARN_OBJC_IMPLICIT_RETAIN_SELF = YES;
				CLANG_WARN_OBJC_LITERAL_CONVERSION = YES;
				CLANG_WARN_OBJC_ROOT_CLASS = YES_ERROR;
				CLANG_WARN_QUOTED_INCLUDE_IN_FRAMEWORK_HEADER = YES;
				CLANG_WARN_RANGE_LOOP_ANALYSIS = YES;
				CLANG_WARN_STRICT_PROTOTYPES = YES;
				CLANG_WARN_SUSPICIOUS_MOVE = YES;
				CLANG_WARN_UNGUARDED_AVAILABILITY = YES_AGGRESSIVE;
				CLANG_WARN_UNREACHABLE_CODE = YES;
				CLANG_WARN__DUPLICATE_METHOD_MATCH = YES;
				COPY_PHASE_STRIP = NO;
				DEBUG_INFORMATION_FORMAT = "dwarf-with-dsym";
				ENABLE_NS_ASSERTIONS = NO;
				ENABLE_STRICT_OBJC_MSGSEND = YES;
				GCC_C_LANGUAGE_STANDARD = gnu11;
				GCC_NO_COMMON_BLOCKS = YES;
				GCC_WARN_64_TO_32_BIT_CONVERSION = YES;
				GCC_WARN_ABOUT_RETURN_TYPE = YES_ERROR;
				GCC_WARN_UNDECLARED_SELECTOR = YES;
				GCC_WARN_UNINITIALIZED_AUTOS = YES_AGGRESSIVE;
				GCC_WARN_UNUSED_FUNCTION = YES;
				GCC_WARN_UNUSED_VARIABLE = YES;
				MTL_ENABLE_DEBUG_INFO = NO;
				MTL_FAST_MATH = YES;
				PRODUCT_NAME = "$(TARGET_NAME)";
				SWIFT_COMPILATION_MODE = wholemodule;
				SWIFT_OPTIMIZATION_LEVEL = "-O";
				SWIFT_VERSION = 5.0;
			};
			name = Release;
		};
		DF9A8E57E7DF031D6097CF5F /* Debug */ = {
			isa = XCBuildConfiguration;
			buildSettings = {
				ARCHS = arm64;
				BUILD_LIBRARY_FOR_DISTRIBUTION = YES;
				CLANG_CXX_LANGUAGE_STANDARD = "c++20";
				CLANG_ENABLE_OBJC_WEAK = NO;
				CODE_SIGNING_ALLOWED = NO;
				CODE_SIGNING_REQUIRED = NO;
				CURRENT_PROJECT_VERSION = 1;
				DEFINES_MODULE = YES;
				DYLIB_COMPATIBILITY_VERSION = 1;
				DYLIB_CURRENT_VERSION = 1;
				DYLIB_INSTALL_NAME_BASE = "@rpath";
				HEADER_SEARCH_PATHS = "$(inherited)";
				INFOPLIST_FILE = MediaPipeTasksVision/Info.plist;
				INSTALLHDRS_COPY_PHASE = YES;
				INSTALL_PATH = "$(LOCAL_LIBRARY_DIR)/Frameworks";
				IPHONEOS_DEPLOYMENT_TARGET = 17.0;
				LD_RUNPATH_SEARCH_PATHS = "$(inherited) @executable_path/Frameworks @loader_path/Frameworks";
				MACH_O_TYPE = mh_dylib;
				MARKETING_VERSION = 0.0.2;
				MODULEMAP_FILE = "$(SRCROOT)/MediaPipeTasksVision/module.modulemap";
				OTHER_LDFLAGS = (
					"$(inherited)",
					"-ObjC",
					"-lc++",
				);
				PRODUCT_BUNDLE_IDENTIFIER = com.vcamapp.mediapipe.tasks.vision;
				PRODUCT_NAME = "$(TARGET_NAME:c99extidentifier)";
				PUBLIC_HEADERS_FOLDER_PATH = Headers;
				SDKROOT = iphoneos;
				SKIP_INSTALL = NO;
				TARGETED_DEVICE_FAMILY = "1,2";
				VERSIONING_SYSTEM = "apple-generic";
				VERSION_INFO_PREFIX = "";
			};
			name = Debug;
		};
		F9456A02AF17117839DF448A /* Release */ = {
			isa = XCBuildConfiguration;
			buildSettings = {
				ARCHS = arm64;
				BUILD_LIBRARY_FOR_DISTRIBUTION = YES;
				CLANG_CXX_LANGUAGE_STANDARD = "c++20";
				CLANG_ENABLE_OBJC_WEAK = NO;
				CODE_SIGNING_ALLOWED = NO;
				CODE_SIGNING_REQUIRED = NO;
				CURRENT_PROJECT_VERSION = 1;
				DEFINES_MODULE = YES;
				DYLIB_COMPATIBILITY_VERSION = 1;
				DYLIB_CURRENT_VERSION = 1;
				DYLIB_INSTALL_NAME_BASE = "@rpath";
				HEADER_SEARCH_PATHS = "$(inherited)";
				INFOPLIST_FILE = MediaPipeTasksVision/Info.plist;
				INSTALLHDRS_COPY_PHASE = YES;
				INSTALL_PATH = "$(LOCAL_LIBRARY_DIR)/Frameworks";
				IPHONEOS_DEPLOYMENT_TARGET = 17.0;
				LD_RUNPATH_SEARCH_PATHS = "$(inherited) @executable_path/Frameworks @loader_path/Frameworks";
				MACH_O_TYPE = mh_dylib;
				MARKETING_VERSION = 0.0.2;
				MODULEMAP_FILE = "$(SRCROOT)/MediaPipeTasksVision/module.modulemap";
				OTHER_LDFLAGS = (
					"$(inherited)",
					"-ObjC",
					"-lc++",
				);
				PRODUCT_BUNDLE_IDENTIFIER = com.vcamapp.mediapipe.tasks.vision;
				PRODUCT_NAME = "$(TARGET_NAME:c99extidentifier)";
				PUBLIC_HEADERS_FOLDER_PATH = Headers;
				SDKROOT = iphoneos;
				SKIP_INSTALL = NO;
				TARGETED_DEVICE_FAMILY = "1,2";
				VALIDATE_PRODUCT = YES;
				VERSIONING_SYSTEM = "apple-generic";
				VERSION_INFO_PREFIX = "";
			};
			name = Release;
		};
/* End XCBuildConfiguration section */

/* Begin XCConfigurationList section */
		A1631644B5E594F6875038B8 /* Build configuration list for PBXNativeTarget "MediaPipeTasksVision" */ = {
			isa = XCConfigurationList;
			buildConfigurations = (
				F9456A02AF17117839DF448A /* Release */,
				DF9A8E57E7DF031D6097CF5F /* Debug */,
			);
			defaultConfigurationIsVisible = 0;
			defaultConfigurationName = Release;
		};
		CD68DC48E518D32BAB7EE7B2 /* Build configuration list for PBXProject "MediaPipeTasksVisionWrapper" */ = {
			isa = XCConfigurationList;
			buildConfigurations = (
				526E66675AD250758CC8C43B /* Debug */,
				ADA716B9F37AB42FBE34BAD4 /* Release */,
			);
			defaultConfigurationIsVisible = 0;
			defaultConfigurationName = Release;
		};
/* End XCConfigurationList section */
	};
	rootObject = 0AB129C94C423EC8D0DBF582 /* Project object */;
}
